// !$*UTF8*$!
{
	archiveVersion = 1;
	classes = {
	};
	objectVersion = 48;
	objects = {

/* Begin PBXBuildFile section */
		9E06A9C81FBAC91700FF74A5 /* HaikuManager.swift in Sources */ = {isa = PBXBuildFile; fileRef = 9E06A9C71FBAC91700FF74A5 /* HaikuManager.swift */; };
		9E09ECD21FBED6A400BB3BBF /* EditorVC.swift in Sources */ = {isa = PBXBuildFile; fileRef = 9E09ECD01FBED6A400BB3BBF /* EditorVC.swift */; };
		9E09ECD31FBED6A400BB3BBF /* EditorVC.xib in Resources */ = {isa = PBXBuildFile; fileRef = 9E09ECD11FBED6A400BB3BBF /* EditorVC.xib */; };
		9E09ECD51FBED6BA00BB3BBF /* EditorVM.swift in Sources */ = {isa = PBXBuildFile; fileRef = 9E09ECD41FBED6BA00BB3BBF /* EditorVM.swift */; };
		9E1588941FB44D330063C816 /* BazarVC.swift in Sources */ = {isa = PBXBuildFile; fileRef = 9E1588921FB44D330063C816 /* BazarVC.swift */; };
		9E1588951FB44D330063C816 /* BazarVC.xib in Resources */ = {isa = PBXBuildFile; fileRef = 9E1588931FB44D330063C816 /* BazarVC.xib */; };
		9E1588971FB44D4E0063C816 /* BazarVM.swift in Sources */ = {isa = PBXBuildFile; fileRef = 9E1588961FB44D4E0063C816 /* BazarVM.swift */; };
		9E15889B1FB452E40063C816 /* BazarCell.swift in Sources */ = {isa = PBXBuildFile; fileRef = 9E1588991FB452E40063C816 /* BazarCell.swift */; };
		9E15889C1FB452E40063C816 /* BazarCell.xib in Resources */ = {isa = PBXBuildFile; fileRef = 9E15889A1FB452E40063C816 /* BazarCell.xib */; };
		9E15889E1FB452F50063C816 /* BazarCellVM.swift in Sources */ = {isa = PBXBuildFile; fileRef = 9E15889D1FB452F50063C816 /* BazarCellVM.swift */; };
		9E1588A31FB45DE10063C816 /* Media.xcassets in Resources */ = {isa = PBXBuildFile; fileRef = 9E1588A21FB45DE10063C816 /* Media.xcassets */; };
		9E2BFBE81FBC360000860CA0 /* StartButton.swift in Sources */ = {isa = PBXBuildFile; fileRef = 9E2BFBE71FBC360000860CA0 /* StartButton.swift */; };
		9E2BFBEC1FBC54DC00860CA0 /* FriendsVC.swift in Sources */ = {isa = PBXBuildFile; fileRef = 9E2BFBEA1FBC54DC00860CA0 /* FriendsVC.swift */; };
		9E2BFBED1FBC54DC00860CA0 /* FriendsVC.xib in Resources */ = {isa = PBXBuildFile; fileRef = 9E2BFBEB1FBC54DC00860CA0 /* FriendsVC.xib */; };
		9E2BFBEF1FBC57E000860CA0 /* FriendsVM.swift in Sources */ = {isa = PBXBuildFile; fileRef = 9E2BFBEE1FBC57DF00860CA0 /* FriendsVM.swift */; };
		9E2BFBF21FBC5D3E00860CA0 /* FriendsCell.swift in Sources */ = {isa = PBXBuildFile; fileRef = 9E2BFBF01FBC5D3E00860CA0 /* FriendsCell.swift */; };
		9E2BFBF31FBC5D3E00860CA0 /* FriendsCell.xib in Resources */ = {isa = PBXBuildFile; fileRef = 9E2BFBF11FBC5D3E00860CA0 /* FriendsCell.xib */; };
		9E2BFBF61FBC5D6500860CA0 /* FriendsCellVM.swift in Sources */ = {isa = PBXBuildFile; fileRef = 9E2BFBF51FBC5D6500860CA0 /* FriendsCellVM.swift */; };
		9E2CA5781FC401D500069FFD /* TipView.swift in Sources */ = {isa = PBXBuildFile; fileRef = 9E2CA5771FC401D500069FFD /* TipView.swift */; };
		9E2CA57A1FC4023800069FFD /* TipView.xib in Resources */ = {isa = PBXBuildFile; fileRef = 9E2CA5791FC4023800069FFD /* TipView.xib */; };
		9E3F9CF01FB5D6BF003BC12A /* FirebaseServerClient.swift in Sources */ = {isa = PBXBuildFile; fileRef = 9E3F9CEF1FB5D6BF003BC12A /* FirebaseServerClient.swift */; };
		9E455BCB1FB07DD500BC9A11 /* WriteMainMenuVC.swift in Sources */ = {isa = PBXBuildFile; fileRef = 9E455BC91FB07DD500BC9A11 /* WriteMainMenuVC.swift */; };
		9E455BCC1FB07DD500BC9A11 /* WriteMainMenuVC.xib in Resources */ = {isa = PBXBuildFile; fileRef = 9E455BCA1FB07DD500BC9A11 /* WriteMainMenuVC.xib */; };
		9E455BCE1FB07DE600BC9A11 /* WriteMainMenuVM.swift in Sources */ = {isa = PBXBuildFile; fileRef = 9E455BCD1FB07DE600BC9A11 /* WriteMainMenuVM.swift */; };
		9E4AE90E1FC2BB6800E437AA /* EditTextField.swift in Sources */ = {isa = PBXBuildFile; fileRef = 9E4AE90D1FC2BB6800E437AA /* EditTextField.swift */; };
		9E4AE9101FC2C3BA00E437AA /* Decorator.swift in Sources */ = {isa = PBXBuildFile; fileRef = 9E4AE90F1FC2C3BA00E437AA /* Decorator.swift */; };
		9E5E8E111FADB54600CCCBDA /* Images.xcassets in Resources */ = {isa = PBXBuildFile; fileRef = 9E5E8E101FADB54600CCCBDA /* Images.xcassets */; };
		9E5E8E161FADB6CE00CCCBDA /* RootVC.swift in Sources */ = {isa = PBXBuildFile; fileRef = 9E5E8E141FADB6CE00CCCBDA /* RootVC.swift */; };
		9E5E8E171FADB6CE00CCCBDA /* RootVC.xib in Resources */ = {isa = PBXBuildFile; fileRef = 9E5E8E151FADB6CE00CCCBDA /* RootVC.xib */; };
		9E5E8E1C1FADBA7400CCCBDA /* ViewController.swift in Sources */ = {isa = PBXBuildFile; fileRef = 9E5E8E1B1FADBA7400CCCBDA /* ViewController.swift */; };
		9E5E8E1F1FADBC9E00CCCBDA /* Client.swift in Sources */ = {isa = PBXBuildFile; fileRef = 9E5E8E1E1FADBC9E00CCCBDA /* Client.swift */; };
		9E5E8E231FADC1C000CCCBDA /* Localizable.strings in Resources */ = {isa = PBXBuildFile; fileRef = 9E5E8E221FADC1C000CCCBDA /* Localizable.strings */; };
		9E5E8E271FADC41A00CCCBDA /* BaseVM.swift in Sources */ = {isa = PBXBuildFile; fileRef = 9E5E8E261FADC41A00CCCBDA /* BaseVM.swift */; };
		9E5E8E291FADC46C00CCCBDA /* RootVM.swift in Sources */ = {isa = PBXBuildFile; fileRef = 9E5E8E281FADC46C00CCCBDA /* RootVM.swift */; };
		9E5E8E341FADD3F400CCCBDA /* WelcomeVC.swift in Sources */ = {isa = PBXBuildFile; fileRef = 9E5E8E321FADD3F400CCCBDA /* WelcomeVC.swift */; };
		9E5E8E351FADD3F400CCCBDA /* WelcomeVC.xib in Resources */ = {isa = PBXBuildFile; fileRef = 9E5E8E331FADD3F400CCCBDA /* WelcomeVC.xib */; };
		9E5E8E371FADD42D00CCCBDA /* WelcomeVM.swift in Sources */ = {isa = PBXBuildFile; fileRef = 9E5E8E361FADD42D00CCCBDA /* WelcomeVM.swift */; };
		9E5E8E3A1FAE058900CCCBDA /* SignInVC.swift in Sources */ = {isa = PBXBuildFile; fileRef = 9E5E8E381FAE058800CCCBDA /* SignInVC.swift */; };
		9E5E8E3B1FAE058900CCCBDA /* SignInVC.xib in Resources */ = {isa = PBXBuildFile; fileRef = 9E5E8E391FAE058800CCCBDA /* SignInVC.xib */; };
		9E5E8E3D1FAE059B00CCCBDA /* SignInVM.swift in Sources */ = {isa = PBXBuildFile; fileRef = 9E5E8E3C1FAE059B00CCCBDA /* SignInVM.swift */; };
		9E5E8E401FAE1E5500CCCBDA /* ForgotPasswordVC.swift in Sources */ = {isa = PBXBuildFile; fileRef = 9E5E8E3E1FAE1E5500CCCBDA /* ForgotPasswordVC.swift */; };
		9E5E8E411FAE1E5500CCCBDA /* ForgotPasswordVC.xib in Resources */ = {isa = PBXBuildFile; fileRef = 9E5E8E3F1FAE1E5500CCCBDA /* ForgotPasswordVC.xib */; };
		9E5E8E431FAE1E6C00CCCBDA /* ForgotPasswordVM.swift in Sources */ = {isa = PBXBuildFile; fileRef = 9E5E8E421FAE1E6C00CCCBDA /* ForgotPasswordVM.swift */; };
		9E5FA3041FBD73870082F56F /* PictureVC.swift in Sources */ = {isa = PBXBuildFile; fileRef = 9E5FA3021FBD73870082F56F /* PictureVC.swift */; };
		9E5FA3051FBD73870082F56F /* PictureVC.xib in Resources */ = {isa = PBXBuildFile; fileRef = 9E5FA3031FBD73870082F56F /* PictureVC.xib */; };
		9E5FA3071FBD739B0082F56F /* PictureVM.swift in Sources */ = {isa = PBXBuildFile; fileRef = 9E5FA3061FBD739B0082F56F /* PictureVM.swift */; };
		9E5FA3091FBD7AF40082F56F /* ChoosePictureButton.swift in Sources */ = {isa = PBXBuildFile; fileRef = 9E5FA3081FBD7AF40082F56F /* ChoosePictureButton.swift */; };
		9E5FA30B1FBD7B020082F56F /* ChoosePictureButton.xib in Resources */ = {isa = PBXBuildFile; fileRef = 9E5FA30A1FBD7B020082F56F /* ChoosePictureButton.xib */; };
		9E5FA30E1FBD90DB0082F56F /* AccessAlertView.swift in Sources */ = {isa = PBXBuildFile; fileRef = 9E5FA30D1FBD90DB0082F56F /* AccessAlertView.swift */; };
		9E5FA3101FBD90E60082F56F /* AccessAlertView.xib in Resources */ = {isa = PBXBuildFile; fileRef = 9E5FA30F1FBD90E60082F56F /* AccessAlertView.xib */; };
		9E5FA3121FBDA3640082F56F /* PhotoLibraryManager.swift in Sources */ = {isa = PBXBuildFile; fileRef = 9E5FA3111FBDA3640082F56F /* PhotoLibraryManager.swift */; };
		9E5FA3191FBDB2050082F56F /* PictureCell.swift in Sources */ = {isa = PBXBuildFile; fileRef = 9E5FA3171FBDB2050082F56F /* PictureCell.swift */; };
		9E5FA31A1FBDB2050082F56F /* PictureCell.xib in Resources */ = {isa = PBXBuildFile; fileRef = 9E5FA3181FBDB2050082F56F /* PictureCell.xib */; };
		9E5FA31C1FBDB21D0082F56F /* PictureCellVM.swift in Sources */ = {isa = PBXBuildFile; fileRef = 9E5FA31B1FBDB21D0082F56F /* PictureCellVM.swift */; };
		9E6144411FB2F5D000067295 /* StartEditProfileVC.swift in Sources */ = {isa = PBXBuildFile; fileRef = 9E61443F1FB2F5D000067295 /* StartEditProfileVC.swift */; };
		9E6144421FB2F5D000067295 /* StartEditProfileVC.xib in Resources */ = {isa = PBXBuildFile; fileRef = 9E6144401FB2F5D000067295 /* StartEditProfileVC.xib */; };
		9E6144441FB2F5F100067295 /* StartEditProfileVM.swift in Sources */ = {isa = PBXBuildFile; fileRef = 9E6144431FB2F5F100067295 /* StartEditProfileVM.swift */; };
		9E6144471FB305E400067295 /* CompleteEditProfileVC.swift in Sources */ = {isa = PBXBuildFile; fileRef = 9E6144451FB305E400067295 /* CompleteEditProfileVC.swift */; };
		9E6144481FB305E400067295 /* CompleteEditProfileVC.xib in Resources */ = {isa = PBXBuildFile; fileRef = 9E6144461FB305E400067295 /* CompleteEditProfileVC.xib */; };
		9E61444A1FB305F900067295 /* CompleteEditProfileVM.swift in Sources */ = {isa = PBXBuildFile; fileRef = 9E6144491FB305F900067295 /* CompleteEditProfileVM.swift */; };
		9E62B69B1FB48AEC00AA814E /* GoogleService-Info.plist in Resources */ = {isa = PBXBuildFile; fileRef = 9E62B69A1FB48AEB00AA814E /* GoogleService-Info.plist */; };
		9E6B14A11FB0AC6200220942 /* UIView+Extension.swift in Sources */ = {isa = PBXBuildFile; fileRef = 9E6B14A01FB0AC6200220942 /* UIView+Extension.swift */; };
		9E72A9CF1FB991EC009468DB /* HaikuPreview.swift in Sources */ = {isa = PBXBuildFile; fileRef = 9E72A9CE1FB991EC009468DB /* HaikuPreview.swift */; };
		9E72A9D11FB991FA009468DB /* HaikuPreview.xib in Resources */ = {isa = PBXBuildFile; fileRef = 9E72A9D01FB991FA009468DB /* HaikuPreview.xib */; };
		9E72A9D31FB997BF009468DB /* HaikuPreviewVM.swift in Sources */ = {isa = PBXBuildFile; fileRef = 9E72A9D21FB997BF009468DB /* HaikuPreviewVM.swift */; };
		9E7C53BE1FBF04EA0082E7EC /* ColorVC.swift in Sources */ = {isa = PBXBuildFile; fileRef = 9E7C53BC1FBF04EA0082E7EC /* ColorVC.swift */; };
		9E7C53BF1FBF04EA0082E7EC /* ColorVC.xib in Resources */ = {isa = PBXBuildFile; fileRef = 9E7C53BD1FBF04EA0082E7EC /* ColorVC.xib */; };
		9E7C53C21FBF0DE10082E7EC /* KBBarView.swift in Sources */ = {isa = PBXBuildFile; fileRef = 9E7C53C11FBF0DE10082E7EC /* KBBarView.swift */; };
		9E7C53C61FBF155D0082E7EC /* FontsVC.swift in Sources */ = {isa = PBXBuildFile; fileRef = 9E7C53C41FBF155D0082E7EC /* FontsVC.swift */; };
		9E7C53C71FBF155D0082E7EC /* FontsVC.xib in Resources */ = {isa = PBXBuildFile; fileRef = 9E7C53C51FBF155D0082E7EC /* FontsVC.xib */; };
		9E8964C41FACA21D004FFDCD /* AppDelegate.swift in Sources */ = {isa = PBXBuildFile; fileRef = 9E8964C31FACA21D004FFDCD /* AppDelegate.swift */; };
		9E8964CB1FACA21D004FFDCD /* Assets.xcassets in Resources */ = {isa = PBXBuildFile; fileRef = 9E8964CA1FACA21D004FFDCD /* Assets.xcassets */; };
		9E8964CE1FACA21D004FFDCD /* LaunchScreen.storyboard in Resources */ = {isa = PBXBuildFile; fileRef = 9E8964CC1FACA21D004FFDCD /* LaunchScreen.storyboard */; };
		9E9B4DB91FB9BC4C001DB448 /* ActionButton.swift in Sources */ = {isa = PBXBuildFile; fileRef = 9E9B4DB81FB9BC4C001DB448 /* ActionButton.swift */; };
		9E9B4DBB1FB9D146001DB448 /* ActionButton.xib in Resources */ = {isa = PBXBuildFile; fileRef = 9E9B4DBA1FB9D146001DB448 /* ActionButton.xib */; };
		9E9B4DBD1FB9E0C8001DB448 /* Field.swift in Sources */ = {isa = PBXBuildFile; fileRef = 9E9B4DBC1FB9E0C8001DB448 /* Field.swift */; };
		9EADF2031FBC2F3F00B69FFE /* UserView.swift in Sources */ = {isa = PBXBuildFile; fileRef = 9EADF2001FBC2F3E00B69FFE /* UserView.swift */; };
		9EADF2041FBC2F3F00B69FFE /* UserView.xib in Resources */ = {isa = PBXBuildFile; fileRef = 9EADF2011FBC2F3E00B69FFE /* UserView.xib */; };
		9EADF2051FBC2F3F00B69FFE /* UserViewVM.swift in Sources */ = {isa = PBXBuildFile; fileRef = 9EADF2021FBC2F3E00B69FFE /* UserViewVM.swift */; };
		9EB170AD1FB065FE00A70A10 /* TabbedController.swift in Sources */ = {isa = PBXBuildFile; fileRef = 9EB170AC1FB065FE00A70A10 /* TabbedController.swift */; };
		9EB170AF1FB0668500A70A10 /* TabbedControllerVM.swift in Sources */ = {isa = PBXBuildFile; fileRef = 9EB170AE1FB0668500A70A10 /* TabbedControllerVM.swift */; };
		9EB6BBA11FC422420085EA5F /* PlayerCell.swift in Sources */ = {isa = PBXBuildFile; fileRef = 9EB6BB9F1FC422420085EA5F /* PlayerCell.swift */; };
		9EB6BBA21FC422420085EA5F /* PlayerCell.xib in Resources */ = {isa = PBXBuildFile; fileRef = 9EB6BBA01FC422420085EA5F /* PlayerCell.xib */; };
		9EB6BBA41FC4224F0085EA5F /* PlayerCellVM.swift in Sources */ = {isa = PBXBuildFile; fileRef = 9EB6BBA31FC4224F0085EA5F /* PlayerCellVM.swift */; };
		9EB6BBA81FC44AD60085EA5F /* ClipperVC.swift in Sources */ = {isa = PBXBuildFile; fileRef = 9EB6BBA61FC44AD60085EA5F /* ClipperVC.swift */; };
		9EB6BBA91FC44AD60085EA5F /* ClipperVC.xib in Resources */ = {isa = PBXBuildFile; fileRef = 9EB6BBA71FC44AD60085EA5F /* ClipperVC.xib */; };
		9EB6BBAB1FC44AE50085EA5F /* ClipperVM.swift in Sources */ = {isa = PBXBuildFile; fileRef = 9EB6BBAA1FC44AE50085EA5F /* ClipperVM.swift */; };
		9EBEBD441FBAFF4E00DE831F /* SessionTokenAdapter.swift in Sources */ = {isa = PBXBuildFile; fileRef = 9EBEBD431FBAFF4E00DE831F /* SessionTokenAdapter.swift */; };
		9EBEBD471FBAFFE600DE831F /* AuthenticationRouter.swift in Sources */ = {isa = PBXBuildFile; fileRef = 9EBEBD461FBAFFE600DE831F /* AuthenticationRouter.swift */; };
		9EBEBD4A1FBB091200DE831F /* KeychainPasswordItem.swift in Sources */ = {isa = PBXBuildFile; fileRef = 9EBEBD491FBB091200DE831F /* KeychainPasswordItem.swift */; };
		9EC68A2C1FC59F0700A7F793 /* UIColor+Extension.swift in Sources */ = {isa = PBXBuildFile; fileRef = 9EC68A2B1FC59F0700A7F793 /* UIColor+Extension.swift */; };
		9EC68A2E1FC5A1AB00A7F793 /* ColorVM.swift in Sources */ = {isa = PBXBuildFile; fileRef = 9EC68A2D1FC5A1AB00A7F793 /* ColorVM.swift */; };
		9EC68A301FC5A29300A7F793 /* FontsVM.swift in Sources */ = {isa = PBXBuildFile; fileRef = 9EC68A2F1FC5A29300A7F793 /* FontsVM.swift */; };
		9EE16E941FB49F4700B4C5C5 /* UIImage+Extensions.swift in Sources */ = {isa = PBXBuildFile; fileRef = 9EE16E931FB49F4700B4C5C5 /* UIImage+Extensions.swift */; };
		9EE16E971FB4A56500B4C5C5 /* StartPhoneVerificationVC.swift in Sources */ = {isa = PBXBuildFile; fileRef = 9EE16E951FB4A56500B4C5C5 /* StartPhoneVerificationVC.swift */; };
		9EE16E981FB4A56500B4C5C5 /* StartPhoneVerificationVC.xib in Resources */ = {isa = PBXBuildFile; fileRef = 9EE16E961FB4A56500B4C5C5 /* StartPhoneVerificationVC.xib */; };
		9EE16E9A1FB4A57500B4C5C5 /* StartPhoneVerificationVM.swift in Sources */ = {isa = PBXBuildFile; fileRef = 9EE16E991FB4A57500B4C5C5 /* StartPhoneVerificationVM.swift */; };
		9EE16E9D1FB4BF7C00B4C5C5 /* CompletePhoneVerificationVC.swift in Sources */ = {isa = PBXBuildFile; fileRef = 9EE16E9B1FB4BF7C00B4C5C5 /* CompletePhoneVerificationVC.swift */; };
		9EE16E9E1FB4BF7C00B4C5C5 /* CompletePhoneVerificationVC.xib in Resources */ = {isa = PBXBuildFile; fileRef = 9EE16E9C1FB4BF7C00B4C5C5 /* CompletePhoneVerificationVC.xib */; };
		9EE16EA01FB4BF8700B4C5C5 /* CompletePhoneVerificationVM.swift in Sources */ = {isa = PBXBuildFile; fileRef = 9EE16E9F1FB4BF8700B4C5C5 /* CompletePhoneVerificationVM.swift */; };
		9EED066C1FB59D2900CCD82E /* Haiku.swift in Sources */ = {isa = PBXBuildFile; fileRef = 9EED066B1FB59D2800CCD82E /* Haiku.swift */; };
		9EED066E1FB59E5B00CCD82E /* User.swift in Sources */ = {isa = PBXBuildFile; fileRef = 9EED066D1FB59E5B00CCD82E /* User.swift */; };
		9EED06701FB5A2D300CCD82E /* Array+Extension.swift in Sources */ = {isa = PBXBuildFile; fileRef = 9EED066F1FB5A2D300CCD82E /* Array+Extension.swift */; };
		9EED06721FB5DE3700CCD82E /* Collection+Extension.swift in Sources */ = {isa = PBXBuildFile; fileRef = 9EED06711FB5DE3700CCD82E /* Collection+Extension.swift */; };
		9EFB03641FB9800B00A78845 /* BazarDetailVC.xib in Resources */ = {isa = PBXBuildFile; fileRef = 9EFB03611FB9800B00A78845 /* BazarDetailVC.xib */; };
		9EFB03651FB9800B00A78845 /* BazarDetailVM.swift in Sources */ = {isa = PBXBuildFile; fileRef = 9EFB03621FB9800B00A78845 /* BazarDetailVM.swift */; };
		9EFB03661FB9800B00A78845 /* BazarDetailVC.swift in Sources */ = {isa = PBXBuildFile; fileRef = 9EFB03631FB9800B00A78845 /* BazarDetailVC.swift */; };
		9EFB036F1FB997BC00A78845 /* countryCodes.json in Resources */ = {isa = PBXBuildFile; fileRef = 9EFB036E1FB997BC00A78845 /* countryCodes.json */; };
		9EFB03741FB997F900A78845 /* CountryCodesVC.swift in Sources */ = {isa = PBXBuildFile; fileRef = 9EFB03711FB997F900A78845 /* CountryCodesVC.swift */; };
		9EFB03751FB997F900A78845 /* CountryCodesVC.xib in Resources */ = {isa = PBXBuildFile; fileRef = 9EFB03721FB997F900A78845 /* CountryCodesVC.xib */; };
		9EFB03761FB997F900A78845 /* CountryCodesVM.swift in Sources */ = {isa = PBXBuildFile; fileRef = 9EFB03731FB997F900A78845 /* CountryCodesVM.swift */; };
		9EFB037A1FB99A3800A78845 /* CountryCodeCell.swift in Sources */ = {isa = PBXBuildFile; fileRef = 9EFB03781FB99A3800A78845 /* CountryCodeCell.swift */; };
		9EFB037B1FB99A3800A78845 /* CountryCodeCell.xib in Resources */ = {isa = PBXBuildFile; fileRef = 9EFB03791FB99A3800A78845 /* CountryCodeCell.xib */; };
		9EFB037D1FB99A5200A78845 /* CountryCodeCellVM.swift in Sources */ = {isa = PBXBuildFile; fileRef = 9EFB037C1FB99A5200A78845 /* CountryCodeCellVM.swift */; };
		9EFBEC0E1FB9F4E600A889BC /* TintMutableButton.swift in Sources */ = {isa = PBXBuildFile; fileRef = 9EFBEC0D1FB9F4E600A889BC /* TintMutableButton.swift */; };
		BEE04B2776028D322C4EE27E /* Pods_Kubazar.framework in Frameworks */ = {isa = PBXBuildFile; fileRef = A253CC5A9FE6C38C3AD695DE /* Pods_Kubazar.framework */; };
/* End PBXBuildFile section */

/* Begin PBXFileReference section */
		9E06A9C71FBAC91700FF74A5 /* HaikuManager.swift */ = {isa = PBXFileReference; lastKnownFileType = sourcecode.swift; path = HaikuManager.swift; sourceTree = "<group>"; };
		9E09ECD01FBED6A400BB3BBF /* EditorVC.swift */ = {isa = PBXFileReference; lastKnownFileType = sourcecode.swift; path = EditorVC.swift; sourceTree = "<group>"; };
		9E09ECD11FBED6A400BB3BBF /* EditorVC.xib */ = {isa = PBXFileReference; lastKnownFileType = file.xib; path = EditorVC.xib; sourceTree = "<group>"; };
		9E09ECD41FBED6BA00BB3BBF /* EditorVM.swift */ = {isa = PBXFileReference; lastKnownFileType = sourcecode.swift; path = EditorVM.swift; sourceTree = "<group>"; };
		9E1588921FB44D330063C816 /* BazarVC.swift */ = {isa = PBXFileReference; lastKnownFileType = sourcecode.swift; path = BazarVC.swift; sourceTree = "<group>"; };
		9E1588931FB44D330063C816 /* BazarVC.xib */ = {isa = PBXFileReference; lastKnownFileType = file.xib; path = BazarVC.xib; sourceTree = "<group>"; };
		9E1588961FB44D4E0063C816 /* BazarVM.swift */ = {isa = PBXFileReference; lastKnownFileType = sourcecode.swift; path = BazarVM.swift; sourceTree = "<group>"; };
		9E1588991FB452E40063C816 /* BazarCell.swift */ = {isa = PBXFileReference; lastKnownFileType = sourcecode.swift; path = BazarCell.swift; sourceTree = "<group>"; };
		9E15889A1FB452E40063C816 /* BazarCell.xib */ = {isa = PBXFileReference; lastKnownFileType = file.xib; path = BazarCell.xib; sourceTree = "<group>"; };
		9E15889D1FB452F50063C816 /* BazarCellVM.swift */ = {isa = PBXFileReference; lastKnownFileType = sourcecode.swift; path = BazarCellVM.swift; sourceTree = "<group>"; };
		9E1588A21FB45DE10063C816 /* Media.xcassets */ = {isa = PBXFileReference; lastKnownFileType = folder.assetcatalog; path = Media.xcassets; sourceTree = "<group>"; };
		9E1897881FACBA9C00780957 /* Info.plist */ = {isa = PBXFileReference; fileEncoding = 4; lastKnownFileType = text.plist.xml; path = Info.plist; sourceTree = "<group>"; };
		9E2BFBE71FBC360000860CA0 /* StartButton.swift */ = {isa = PBXFileReference; lastKnownFileType = sourcecode.swift; path = StartButton.swift; sourceTree = "<group>"; };
		9E2BFBEA1FBC54DC00860CA0 /* FriendsVC.swift */ = {isa = PBXFileReference; lastKnownFileType = sourcecode.swift; path = FriendsVC.swift; sourceTree = "<group>"; };
		9E2BFBEB1FBC54DC00860CA0 /* FriendsVC.xib */ = {isa = PBXFileReference; lastKnownFileType = file.xib; path = FriendsVC.xib; sourceTree = "<group>"; };
		9E2BFBEE1FBC57DF00860CA0 /* FriendsVM.swift */ = {isa = PBXFileReference; lastKnownFileType = sourcecode.swift; name = FriendsVM.swift; path = "/Users/mobexs/Documents/MobexProjects/kubazar/Kubazar/Classes/User Interface/Friends/FriendsVM.swift"; sourceTree = "<absolute>"; };
		9E2BFBF01FBC5D3E00860CA0 /* FriendsCell.swift */ = {isa = PBXFileReference; lastKnownFileType = sourcecode.swift; path = FriendsCell.swift; sourceTree = "<group>"; };
		9E2BFBF11FBC5D3E00860CA0 /* FriendsCell.xib */ = {isa = PBXFileReference; lastKnownFileType = file.xib; path = FriendsCell.xib; sourceTree = "<group>"; };
		9E2BFBF51FBC5D6500860CA0 /* FriendsCellVM.swift */ = {isa = PBXFileReference; lastKnownFileType = sourcecode.swift; path = FriendsCellVM.swift; sourceTree = "<group>"; };
		9E2CA5771FC401D500069FFD /* TipView.swift */ = {isa = PBXFileReference; lastKnownFileType = sourcecode.swift; path = TipView.swift; sourceTree = "<group>"; };
		9E2CA5791FC4023800069FFD /* TipView.xib */ = {isa = PBXFileReference; lastKnownFileType = file.xib; path = TipView.xib; sourceTree = "<group>"; };
		9E3F9CEF1FB5D6BF003BC12A /* FirebaseServerClient.swift */ = {isa = PBXFileReference; lastKnownFileType = sourcecode.swift; path = FirebaseServerClient.swift; sourceTree = "<group>"; };
		9E455BC91FB07DD500BC9A11 /* WriteMainMenuVC.swift */ = {isa = PBXFileReference; lastKnownFileType = sourcecode.swift; path = WriteMainMenuVC.swift; sourceTree = "<group>"; };
		9E455BCA1FB07DD500BC9A11 /* WriteMainMenuVC.xib */ = {isa = PBXFileReference; lastKnownFileType = file.xib; path = WriteMainMenuVC.xib; sourceTree = "<group>"; };
		9E455BCD1FB07DE600BC9A11 /* WriteMainMenuVM.swift */ = {isa = PBXFileReference; lastKnownFileType = sourcecode.swift; path = WriteMainMenuVM.swift; sourceTree = "<group>"; };
		9E4AE90D1FC2BB6800E437AA /* EditTextField.swift */ = {isa = PBXFileReference; lastKnownFileType = sourcecode.swift; path = EditTextField.swift; sourceTree = "<group>"; };
		9E4AE90F1FC2C3BA00E437AA /* Decorator.swift */ = {isa = PBXFileReference; lastKnownFileType = sourcecode.swift; path = Decorator.swift; sourceTree = "<group>"; };
		9E5E8E101FADB54600CCCBDA /* Images.xcassets */ = {isa = PBXFileReference; lastKnownFileType = folder.assetcatalog; path = Images.xcassets; sourceTree = "<group>"; };
		9E5E8E141FADB6CE00CCCBDA /* RootVC.swift */ = {isa = PBXFileReference; lastKnownFileType = sourcecode.swift; path = RootVC.swift; sourceTree = "<group>"; };
		9E5E8E151FADB6CE00CCCBDA /* RootVC.xib */ = {isa = PBXFileReference; lastKnownFileType = file.xib; path = RootVC.xib; sourceTree = "<group>"; };
		9E5E8E1B1FADBA7400CCCBDA /* ViewController.swift */ = {isa = PBXFileReference; lastKnownFileType = sourcecode.swift; path = ViewController.swift; sourceTree = "<group>"; };
		9E5E8E1E1FADBC9E00CCCBDA /* Client.swift */ = {isa = PBXFileReference; lastKnownFileType = sourcecode.swift; path = Client.swift; sourceTree = "<group>"; };
		9E5E8E221FADC1C000CCCBDA /* Localizable.strings */ = {isa = PBXFileReference; lastKnownFileType = text.plist.strings; path = Localizable.strings; sourceTree = "<group>"; };
		9E5E8E261FADC41A00CCCBDA /* BaseVM.swift */ = {isa = PBXFileReference; lastKnownFileType = sourcecode.swift; path = BaseVM.swift; sourceTree = "<group>"; };
		9E5E8E281FADC46C00CCCBDA /* RootVM.swift */ = {isa = PBXFileReference; lastKnownFileType = sourcecode.swift; path = RootVM.swift; sourceTree = "<group>"; };
		9E5E8E321FADD3F400CCCBDA /* WelcomeVC.swift */ = {isa = PBXFileReference; lastKnownFileType = sourcecode.swift; path = WelcomeVC.swift; sourceTree = "<group>"; };
		9E5E8E331FADD3F400CCCBDA /* WelcomeVC.xib */ = {isa = PBXFileReference; lastKnownFileType = file.xib; path = WelcomeVC.xib; sourceTree = "<group>"; };
		9E5E8E361FADD42D00CCCBDA /* WelcomeVM.swift */ = {isa = PBXFileReference; lastKnownFileType = sourcecode.swift; path = WelcomeVM.swift; sourceTree = "<group>"; };
		9E5E8E381FAE058800CCCBDA /* SignInVC.swift */ = {isa = PBXFileReference; lastKnownFileType = sourcecode.swift; path = SignInVC.swift; sourceTree = "<group>"; };
		9E5E8E391FAE058800CCCBDA /* SignInVC.xib */ = {isa = PBXFileReference; lastKnownFileType = file.xib; path = SignInVC.xib; sourceTree = "<group>"; };
		9E5E8E3C1FAE059B00CCCBDA /* SignInVM.swift */ = {isa = PBXFileReference; lastKnownFileType = sourcecode.swift; path = SignInVM.swift; sourceTree = "<group>"; };
		9E5E8E3E1FAE1E5500CCCBDA /* ForgotPasswordVC.swift */ = {isa = PBXFileReference; lastKnownFileType = sourcecode.swift; path = ForgotPasswordVC.swift; sourceTree = "<group>"; };
		9E5E8E3F1FAE1E5500CCCBDA /* ForgotPasswordVC.xib */ = {isa = PBXFileReference; lastKnownFileType = file.xib; path = ForgotPasswordVC.xib; sourceTree = "<group>"; };
		9E5E8E421FAE1E6C00CCCBDA /* ForgotPasswordVM.swift */ = {isa = PBXFileReference; lastKnownFileType = sourcecode.swift; path = ForgotPasswordVM.swift; sourceTree = "<group>"; };
		9E5FA3021FBD73870082F56F /* PictureVC.swift */ = {isa = PBXFileReference; lastKnownFileType = sourcecode.swift; path = PictureVC.swift; sourceTree = "<group>"; };
		9E5FA3031FBD73870082F56F /* PictureVC.xib */ = {isa = PBXFileReference; lastKnownFileType = file.xib; path = PictureVC.xib; sourceTree = "<group>"; };
		9E5FA3061FBD739B0082F56F /* PictureVM.swift */ = {isa = PBXFileReference; lastKnownFileType = sourcecode.swift; path = PictureVM.swift; sourceTree = "<group>"; };
		9E5FA3081FBD7AF40082F56F /* ChoosePictureButton.swift */ = {isa = PBXFileReference; lastKnownFileType = sourcecode.swift; path = ChoosePictureButton.swift; sourceTree = "<group>"; };
		9E5FA30A1FBD7B020082F56F /* ChoosePictureButton.xib */ = {isa = PBXFileReference; lastKnownFileType = file.xib; path = ChoosePictureButton.xib; sourceTree = "<group>"; };
		9E5FA30D1FBD90DB0082F56F /* AccessAlertView.swift */ = {isa = PBXFileReference; lastKnownFileType = sourcecode.swift; path = AccessAlertView.swift; sourceTree = "<group>"; };
		9E5FA30F1FBD90E60082F56F /* AccessAlertView.xib */ = {isa = PBXFileReference; lastKnownFileType = file.xib; path = AccessAlertView.xib; sourceTree = "<group>"; };
		9E5FA3111FBDA3640082F56F /* PhotoLibraryManager.swift */ = {isa = PBXFileReference; lastKnownFileType = sourcecode.swift; path = PhotoLibraryManager.swift; sourceTree = "<group>"; };
		9E5FA3171FBDB2050082F56F /* PictureCell.swift */ = {isa = PBXFileReference; lastKnownFileType = sourcecode.swift; path = PictureCell.swift; sourceTree = "<group>"; };
		9E5FA3181FBDB2050082F56F /* PictureCell.xib */ = {isa = PBXFileReference; lastKnownFileType = file.xib; path = PictureCell.xib; sourceTree = "<group>"; };
		9E5FA31B1FBDB21D0082F56F /* PictureCellVM.swift */ = {isa = PBXFileReference; lastKnownFileType = sourcecode.swift; path = PictureCellVM.swift; sourceTree = "<group>"; };
		9E61443F1FB2F5D000067295 /* StartEditProfileVC.swift */ = {isa = PBXFileReference; lastKnownFileType = sourcecode.swift; path = StartEditProfileVC.swift; sourceTree = "<group>"; };
		9E6144401FB2F5D000067295 /* StartEditProfileVC.xib */ = {isa = PBXFileReference; lastKnownFileType = file.xib; path = StartEditProfileVC.xib; sourceTree = "<group>"; };
		9E6144431FB2F5F100067295 /* StartEditProfileVM.swift */ = {isa = PBXFileReference; lastKnownFileType = sourcecode.swift; path = StartEditProfileVM.swift; sourceTree = "<group>"; };
		9E6144451FB305E400067295 /* CompleteEditProfileVC.swift */ = {isa = PBXFileReference; lastKnownFileType = sourcecode.swift; path = CompleteEditProfileVC.swift; sourceTree = "<group>"; };
		9E6144461FB305E400067295 /* CompleteEditProfileVC.xib */ = {isa = PBXFileReference; lastKnownFileType = file.xib; path = CompleteEditProfileVC.xib; sourceTree = "<group>"; };
		9E6144491FB305F900067295 /* CompleteEditProfileVM.swift */ = {isa = PBXFileReference; lastKnownFileType = sourcecode.swift; path = CompleteEditProfileVM.swift; sourceTree = "<group>"; };
		9E62B69A1FB48AEB00AA814E /* GoogleService-Info.plist */ = {isa = PBXFileReference; fileEncoding = 4; lastKnownFileType = text.plist.xml; path = "GoogleService-Info.plist"; sourceTree = SOURCE_ROOT; };
		9E62B69C1FB48DF900AA814E /* Kubazar.entitlements */ = {isa = PBXFileReference; lastKnownFileType = text.plist.entitlements; path = Kubazar.entitlements; sourceTree = "<group>"; };
		9E6B14A01FB0AC6200220942 /* UIView+Extension.swift */ = {isa = PBXFileReference; lastKnownFileType = sourcecode.swift; path = "UIView+Extension.swift"; sourceTree = "<group>"; };
		9E72A9CE1FB991EC009468DB /* HaikuPreview.swift */ = {isa = PBXFileReference; lastKnownFileType = sourcecode.swift; path = HaikuPreview.swift; sourceTree = "<group>"; };
		9E72A9D01FB991FA009468DB /* HaikuPreview.xib */ = {isa = PBXFileReference; lastKnownFileType = file.xib; path = HaikuPreview.xib; sourceTree = "<group>"; };
		9E72A9D21FB997BF009468DB /* HaikuPreviewVM.swift */ = {isa = PBXFileReference; lastKnownFileType = sourcecode.swift; path = HaikuPreviewVM.swift; sourceTree = "<group>"; };
		9E7C53BC1FBF04EA0082E7EC /* ColorVC.swift */ = {isa = PBXFileReference; lastKnownFileType = sourcecode.swift; path = ColorVC.swift; sourceTree = "<group>"; };
		9E7C53BD1FBF04EA0082E7EC /* ColorVC.xib */ = {isa = PBXFileReference; lastKnownFileType = file.xib; path = ColorVC.xib; sourceTree = "<group>"; };
		9E7C53C11FBF0DE10082E7EC /* KBBarView.swift */ = {isa = PBXFileReference; lastKnownFileType = sourcecode.swift; path = KBBarView.swift; sourceTree = "<group>"; };
		9E7C53C41FBF155D0082E7EC /* FontsVC.swift */ = {isa = PBXFileReference; lastKnownFileType = sourcecode.swift; path = FontsVC.swift; sourceTree = "<group>"; };
		9E7C53C51FBF155D0082E7EC /* FontsVC.xib */ = {isa = PBXFileReference; lastKnownFileType = file.xib; path = FontsVC.xib; sourceTree = "<group>"; };
		9E8964C01FACA21D004FFDCD /* Kubazar.app */ = {isa = PBXFileReference; explicitFileType = wrapper.application; includeInIndex = 0; path = Kubazar.app; sourceTree = BUILT_PRODUCTS_DIR; };
		9E8964C31FACA21D004FFDCD /* AppDelegate.swift */ = {isa = PBXFileReference; lastKnownFileType = sourcecode.swift; path = AppDelegate.swift; sourceTree = "<group>"; };
		9E8964CA1FACA21D004FFDCD /* Assets.xcassets */ = {isa = PBXFileReference; lastKnownFileType = folder.assetcatalog; path = Assets.xcassets; sourceTree = "<group>"; };
		9E8964CD1FACA21D004FFDCD /* Base */ = {isa = PBXFileReference; lastKnownFileType = file.storyboard; name = Base; path = Base.lproj/LaunchScreen.storyboard; sourceTree = "<group>"; };
		9E9B4DB81FB9BC4C001DB448 /* ActionButton.swift */ = {isa = PBXFileReference; lastKnownFileType = sourcecode.swift; path = ActionButton.swift; sourceTree = "<group>"; };
		9E9B4DBA1FB9D146001DB448 /* ActionButton.xib */ = {isa = PBXFileReference; lastKnownFileType = file.xib; path = ActionButton.xib; sourceTree = "<group>"; };
		9E9B4DBC1FB9E0C8001DB448 /* Field.swift */ = {isa = PBXFileReference; lastKnownFileType = sourcecode.swift; path = Field.swift; sourceTree = "<group>"; };
		9EADF2001FBC2F3E00B69FFE /* UserView.swift */ = {isa = PBXFileReference; fileEncoding = 4; lastKnownFileType = sourcecode.swift; path = UserView.swift; sourceTree = "<group>"; };
		9EADF2011FBC2F3E00B69FFE /* UserView.xib */ = {isa = PBXFileReference; fileEncoding = 4; lastKnownFileType = file.xib; path = UserView.xib; sourceTree = "<group>"; };
		9EADF2021FBC2F3E00B69FFE /* UserViewVM.swift */ = {isa = PBXFileReference; fileEncoding = 4; lastKnownFileType = sourcecode.swift; path = UserViewVM.swift; sourceTree = "<group>"; };
		9EB170AC1FB065FE00A70A10 /* TabbedController.swift */ = {isa = PBXFileReference; fileEncoding = 4; lastKnownFileType = sourcecode.swift; path = TabbedController.swift; sourceTree = "<group>"; };
		9EB170AE1FB0668500A70A10 /* TabbedControllerVM.swift */ = {isa = PBXFileReference; lastKnownFileType = sourcecode.swift; path = TabbedControllerVM.swift; sourceTree = "<group>"; };
		9EB6BB9F1FC422420085EA5F /* PlayerCell.swift */ = {isa = PBXFileReference; lastKnownFileType = sourcecode.swift; path = PlayerCell.swift; sourceTree = "<group>"; };
		9EB6BBA01FC422420085EA5F /* PlayerCell.xib */ = {isa = PBXFileReference; lastKnownFileType = file.xib; path = PlayerCell.xib; sourceTree = "<group>"; };
		9EB6BBA31FC4224F0085EA5F /* PlayerCellVM.swift */ = {isa = PBXFileReference; lastKnownFileType = sourcecode.swift; path = PlayerCellVM.swift; sourceTree = "<group>"; };
		9EB6BBA61FC44AD60085EA5F /* ClipperVC.swift */ = {isa = PBXFileReference; lastKnownFileType = sourcecode.swift; path = ClipperVC.swift; sourceTree = "<group>"; };
		9EB6BBA71FC44AD60085EA5F /* ClipperVC.xib */ = {isa = PBXFileReference; lastKnownFileType = file.xib; path = ClipperVC.xib; sourceTree = "<group>"; };
		9EB6BBAA1FC44AE50085EA5F /* ClipperVM.swift */ = {isa = PBXFileReference; lastKnownFileType = sourcecode.swift; path = ClipperVM.swift; sourceTree = "<group>"; };
		9EBEBD431FBAFF4E00DE831F /* SessionTokenAdapter.swift */ = {isa = PBXFileReference; lastKnownFileType = sourcecode.swift; path = SessionTokenAdapter.swift; sourceTree = "<group>"; };
		9EBEBD461FBAFFE600DE831F /* AuthenticationRouter.swift */ = {isa = PBXFileReference; lastKnownFileType = sourcecode.swift; path = AuthenticationRouter.swift; sourceTree = "<group>"; };
		9EBEBD491FBB091200DE831F /* KeychainPasswordItem.swift */ = {isa = PBXFileReference; fileEncoding = 4; lastKnownFileType = sourcecode.swift; path = KeychainPasswordItem.swift; sourceTree = "<group>"; };
		9EC68A2B1FC59F0700A7F793 /* UIColor+Extension.swift */ = {isa = PBXFileReference; lastKnownFileType = sourcecode.swift; path = "UIColor+Extension.swift"; sourceTree = "<group>"; };
		9EC68A2D1FC5A1AB00A7F793 /* ColorVM.swift */ = {isa = PBXFileReference; lastKnownFileType = sourcecode.swift; path = ColorVM.swift; sourceTree = "<group>"; };
		9EC68A2F1FC5A29300A7F793 /* FontsVM.swift */ = {isa = PBXFileReference; lastKnownFileType = sourcecode.swift; path = FontsVM.swift; sourceTree = "<group>"; };
		9EE16E931FB49F4700B4C5C5 /* UIImage+Extensions.swift */ = {isa = PBXFileReference; lastKnownFileType = sourcecode.swift; path = "UIImage+Extensions.swift"; sourceTree = "<group>"; };
		9EE16E951FB4A56500B4C5C5 /* StartPhoneVerificationVC.swift */ = {isa = PBXFileReference; lastKnownFileType = sourcecode.swift; path = StartPhoneVerificationVC.swift; sourceTree = "<group>"; };
		9EE16E961FB4A56500B4C5C5 /* StartPhoneVerificationVC.xib */ = {isa = PBXFileReference; lastKnownFileType = file.xib; path = StartPhoneVerificationVC.xib; sourceTree = "<group>"; };
		9EE16E991FB4A57500B4C5C5 /* StartPhoneVerificationVM.swift */ = {isa = PBXFileReference; lastKnownFileType = sourcecode.swift; path = StartPhoneVerificationVM.swift; sourceTree = "<group>"; };
		9EE16E9B1FB4BF7C00B4C5C5 /* CompletePhoneVerificationVC.swift */ = {isa = PBXFileReference; lastKnownFileType = sourcecode.swift; path = CompletePhoneVerificationVC.swift; sourceTree = "<group>"; };
		9EE16E9C1FB4BF7C00B4C5C5 /* CompletePhoneVerificationVC.xib */ = {isa = PBXFileReference; lastKnownFileType = file.xib; path = CompletePhoneVerificationVC.xib; sourceTree = "<group>"; };
		9EE16E9F1FB4BF8700B4C5C5 /* CompletePhoneVerificationVM.swift */ = {isa = PBXFileReference; lastKnownFileType = sourcecode.swift; path = CompletePhoneVerificationVM.swift; sourceTree = "<group>"; };
		9EED066B1FB59D2800CCD82E /* Haiku.swift */ = {isa = PBXFileReference; lastKnownFileType = sourcecode.swift; path = Haiku.swift; sourceTree = "<group>"; };
		9EED066D1FB59E5B00CCD82E /* User.swift */ = {isa = PBXFileReference; lastKnownFileType = sourcecode.swift; path = User.swift; sourceTree = "<group>"; };
		9EED066F1FB5A2D300CCD82E /* Array+Extension.swift */ = {isa = PBXFileReference; lastKnownFileType = sourcecode.swift; path = "Array+Extension.swift"; sourceTree = "<group>"; };
		9EED06711FB5DE3700CCD82E /* Collection+Extension.swift */ = {isa = PBXFileReference; lastKnownFileType = sourcecode.swift; path = "Collection+Extension.swift"; sourceTree = "<group>"; };
		9EFB03611FB9800B00A78845 /* BazarDetailVC.xib */ = {isa = PBXFileReference; fileEncoding = 4; lastKnownFileType = file.xib; path = BazarDetailVC.xib; sourceTree = "<group>"; };
		9EFB03621FB9800B00A78845 /* BazarDetailVM.swift */ = {isa = PBXFileReference; fileEncoding = 4; lastKnownFileType = sourcecode.swift; path = BazarDetailVM.swift; sourceTree = "<group>"; };
		9EFB03631FB9800B00A78845 /* BazarDetailVC.swift */ = {isa = PBXFileReference; fileEncoding = 4; lastKnownFileType = sourcecode.swift; path = BazarDetailVC.swift; sourceTree = "<group>"; };
		9EFB03681FB9805600A78845 /* UserView.swift */ = {isa = PBXFileReference; fileEncoding = 4; lastKnownFileType = sourcecode.swift; path = UserView.swift; sourceTree = "<group>"; };
		9EFB03691FB9805600A78845 /* UserView.xib */ = {isa = PBXFileReference; fileEncoding = 4; lastKnownFileType = file.xib; path = UserView.xib; sourceTree = "<group>"; };
		9EFB036E1FB997BC00A78845 /* countryCodes.json */ = {isa = PBXFileReference; fileEncoding = 4; lastKnownFileType = text.json; path = countryCodes.json; sourceTree = "<group>"; };
		9EFB03711FB997F900A78845 /* CountryCodesVC.swift */ = {isa = PBXFileReference; fileEncoding = 4; lastKnownFileType = sourcecode.swift; path = CountryCodesVC.swift; sourceTree = "<group>"; };
		9EFB03721FB997F900A78845 /* CountryCodesVC.xib */ = {isa = PBXFileReference; fileEncoding = 4; lastKnownFileType = file.xib; path = CountryCodesVC.xib; sourceTree = "<group>"; };
		9EFB03731FB997F900A78845 /* CountryCodesVM.swift */ = {isa = PBXFileReference; fileEncoding = 4; lastKnownFileType = sourcecode.swift; path = CountryCodesVM.swift; sourceTree = "<group>"; };
		9EFB03781FB99A3800A78845 /* CountryCodeCell.swift */ = {isa = PBXFileReference; lastKnownFileType = sourcecode.swift; path = CountryCodeCell.swift; sourceTree = "<group>"; };
		9EFB03791FB99A3800A78845 /* CountryCodeCell.xib */ = {isa = PBXFileReference; lastKnownFileType = file.xib; path = CountryCodeCell.xib; sourceTree = "<group>"; };
		9EFB037C1FB99A5200A78845 /* CountryCodeCellVM.swift */ = {isa = PBXFileReference; lastKnownFileType = sourcecode.swift; path = CountryCodeCellVM.swift; sourceTree = "<group>"; };
		9EFBEC0D1FB9F4E600A889BC /* TintMutableButton.swift */ = {isa = PBXFileReference; lastKnownFileType = sourcecode.swift; path = TintMutableButton.swift; sourceTree = "<group>"; };
		A253CC5A9FE6C38C3AD695DE /* Pods_Kubazar.framework */ = {isa = PBXFileReference; explicitFileType = wrapper.framework; includeInIndex = 0; path = Pods_Kubazar.framework; sourceTree = BUILT_PRODUCTS_DIR; };
		BCCD990FEAC61BE1A7C35E5A /* Pods-Kubazar.debug.xcconfig */ = {isa = PBXFileReference; includeInIndex = 1; lastKnownFileType = text.xcconfig; name = "Pods-Kubazar.debug.xcconfig"; path = "Pods/Target Support Files/Pods-Kubazar/Pods-Kubazar.debug.xcconfig"; sourceTree = "<group>"; };
		C96C8C2A05A77F3E563D985D /* Pods-Kubazar.release.xcconfig */ = {isa = PBXFileReference; includeInIndex = 1; lastKnownFileType = text.xcconfig; name = "Pods-Kubazar.release.xcconfig"; path = "Pods/Target Support Files/Pods-Kubazar/Pods-Kubazar.release.xcconfig"; sourceTree = "<group>"; };
/* End PBXFileReference section */

/* Begin PBXFrameworksBuildPhase section */
		9E8964BD1FACA21D004FFDCD /* Frameworks */ = {
			isa = PBXFrameworksBuildPhase;
			buildActionMask = 2147483647;
			files = (
				BEE04B2776028D322C4EE27E /* Pods_Kubazar.framework in Frameworks */,
			);
			runOnlyForDeploymentPostprocessing = 0;
		};
/* End PBXFrameworksBuildPhase section */

/* Begin PBXGroup section */
		6190FCFC5166E25A3A81F9D8 /* Frameworks */ = {
			isa = PBXGroup;
			children = (
				A253CC5A9FE6C38C3AD695DE /* Pods_Kubazar.framework */,
			);
			name = Frameworks;
			sourceTree = "<group>";
		};
		9E09ECCF1FBED68100BB3BBF /* Editor */ = {
			isa = PBXGroup;
			children = (
				9E09ECD01FBED6A400BB3BBF /* EditorVC.swift */,
				9E09ECD11FBED6A400BB3BBF /* EditorVC.xib */,
				9E09ECD41FBED6BA00BB3BBF /* EditorVM.swift */,
				9E09ECD61FBEE82800BB3BBF /* Views */,
			);
			path = Editor;
			sourceTree = "<group>";
		};
		9E09ECD61FBEE82800BB3BBF /* Views */ = {
			isa = PBXGroup;
			children = (
				9EB6BB9E1FC422210085EA5F /* Cells */,
				9E7C53C31FBF153E0082E7EC /* Popups */,
			);
			path = Views;
			sourceTree = "<group>";
		};
		9E1588911FB44CDD0063C816 /* Bazar */ = {
			isa = PBXGroup;
			children = (
				9E1588981FB452BB0063C816 /* Views */,
				9E1588921FB44D330063C816 /* BazarVC.swift */,
				9E1588931FB44D330063C816 /* BazarVC.xib */,
				9E1588961FB44D4E0063C816 /* BazarVM.swift */,
			);
			path = Bazar;
			sourceTree = "<group>";
		};
		9E1588981FB452BB0063C816 /* Views */ = {
			isa = PBXGroup;
			children = (
				9E1588991FB452E40063C816 /* BazarCell.swift */,
				9E15889A1FB452E40063C816 /* BazarCell.xib */,
				9E15889D1FB452F50063C816 /* BazarCellVM.swift */,
			);
			path = Views;
			sourceTree = "<group>";
		};
		9E2BFBE91FBC547F00860CA0 /* Friends */ = {
			isa = PBXGroup;
			children = (
				9E2BFBEA1FBC54DC00860CA0 /* FriendsVC.swift */,
				9E2BFBEB1FBC54DC00860CA0 /* FriendsVC.xib */,
				9E2BFBEE1FBC57DF00860CA0 /* FriendsVM.swift */,
				9E2BFBF41FBC5D4600860CA0 /* Views */,
			);
			path = Friends;
			sourceTree = "<group>";
		};
		9E2BFBF41FBC5D4600860CA0 /* Views */ = {
			isa = PBXGroup;
			children = (
				9E2BFBF01FBC5D3E00860CA0 /* FriendsCell.swift */,
				9E2BFBF11FBC5D3E00860CA0 /* FriendsCell.xib */,
				9E2BFBF51FBC5D6500860CA0 /* FriendsCellVM.swift */,
			);
			path = Views;
			sourceTree = "<group>";
		};
		9E2CA5761FC401C800069FFD /* TipView */ = {
			isa = PBXGroup;
			children = (
				9E2CA5771FC401D500069FFD /* TipView.swift */,
				9E2CA5791FC4023800069FFD /* TipView.xib */,
			);
			path = TipView;
			sourceTree = "<group>";
		};
		9E455BC61FB07D9700BC9A11 /* TabBarItems */ = {
			isa = PBXGroup;
			children = (
				9E455BC71FB07D9700BC9A11 /* Write */,
			);
			path = TabBarItems;
			sourceTree = "<group>";
		};
		9E455BC71FB07D9700BC9A11 /* Write */ = {
			isa = PBXGroup;
			children = (
				9E455BC81FB07D9700BC9A11 /* WriteMainMenu */,
			);
			path = Write;
			sourceTree = "<group>";
		};
		9E455BC81FB07D9700BC9A11 /* WriteMainMenu */ = {
			isa = PBXGroup;
			children = (
				9E455BC91FB07DD500BC9A11 /* WriteMainMenuVC.swift */,
				9E455BCA1FB07DD500BC9A11 /* WriteMainMenuVC.xib */,
				9E455BCD1FB07DE600BC9A11 /* WriteMainMenuVM.swift */,
			);
			path = WriteMainMenu;
			sourceTree = "<group>";
		};
		9E5E8E121FADB63E00CCCBDA /* User Interface */ = {
			isa = PBXGroup;
			children = (
				9E1588911FB44CDD0063C816 /* Bazar */,
				9EFB03601FB9800B00A78845 /* BazarDetail */,
				9EB6BBA51FC44AB50085EA5F /* Clipper */,
				9E09ECCF1FBED68100BB3BBF /* Editor */,
				9E2BFBE91FBC547F00860CA0 /* Friends */,
				9E5E8E2A1FADD3BD00CCCBDA /* Login */,
				9E5FA3011FBD73590082F56F /* Picture */,
				9E5E8E131FADB68300CCCBDA /* Root */,
				9EB170AB1FB065FE00A70A10 /* TabBar */,
				9E455BC61FB07D9700BC9A11 /* TabBarItems */,
			);
			path = "User Interface";
			sourceTree = "<group>";
		};
		9E5E8E131FADB68300CCCBDA /* Root */ = {
			isa = PBXGroup;
			children = (
				9E5E8E141FADB6CE00CCCBDA /* RootVC.swift */,
				9E5E8E151FADB6CE00CCCBDA /* RootVC.xib */,
				9E5E8E281FADC46C00CCCBDA /* RootVM.swift */,
			);
			path = Root;
			sourceTree = "<group>";
		};
		9E5E8E181FADBA4500CCCBDA /* Shared */ = {
			isa = PBXGroup;
			children = (
				9E5E8E191FADBA4500CCCBDA /* Shared ViewControllers */,
				9E5E8E1A1FADBA4500CCCBDA /* Shared Views */,
			);
			path = Shared;
			sourceTree = "<group>";
		};
		9E5E8E191FADBA4500CCCBDA /* Shared ViewControllers */ = {
			isa = PBXGroup;
			children = (
				9E5E8E1B1FADBA7400CCCBDA /* ViewController.swift */,
			);
			path = "Shared ViewControllers";
			sourceTree = "<group>";
		};
		9E5E8E1A1FADBA4500CCCBDA /* Shared Views */ = {
			isa = PBXGroup;
			children = (
				9E2CA5761FC401C800069FFD /* TipView */,
				9E7C53C01FBF0DBC0082E7EC /* Styled views */,
				9EADF1FF1FBC2F3E00B69FFE /* UserView */,
				9E9B4DB71FB9BC21001DB448 /* Controls */,
				9E72A9CD1FB991CD009468DB /* HaikuPreview */,
			);
			path = "Shared Views";
			sourceTree = "<group>";
		};
		9E5E8E1D1FADBB6100CCCBDA /* Model */ = {
			isa = PBXGroup;
			children = (
				9E5E8E1E1FADBC9E00CCCBDA /* Client.swift */,
				9E9B4DBC1FB9E0C8001DB448 /* Field.swift */,
				9EED066B1FB59D2800CCD82E /* Haiku.swift */,
				9EED066D1FB59E5B00CCD82E /* User.swift */,
				9E06A9C71FBAC91700FF74A5 /* HaikuManager.swift */,
				9E5FA3111FBDA3640082F56F /* PhotoLibraryManager.swift */,
				9E4AE90F1FC2C3BA00E437AA /* Decorator.swift */,
			);
			path = Model;
			sourceTree = "<group>";
		};
		9E5E8E211FADC1AC00CCCBDA /* Localization */ = {
			isa = PBXGroup;
			children = (
				9E5E8E221FADC1C000CCCBDA /* Localizable.strings */,
			);
			path = Localization;
			sourceTree = "<group>";
		};
		9E5E8E241FADC3E800CCCBDA /* Middle Ware */ = {
			isa = PBXGroup;
			children = (
				9EBEBD481FBB091200DE831F /* Generic Keychain */,
				9EBEBD451FBAFFD100DE831F /* Routers */,
				9E5E8E251FADC40100CCCBDA /* ViewModel */,
				9E3F9CEF1FB5D6BF003BC12A /* FirebaseServerClient.swift */,
				9EBEBD431FBAFF4E00DE831F /* SessionTokenAdapter.swift */,
			);
			path = "Middle Ware";
			sourceTree = "<group>";
		};
		9E5E8E251FADC40100CCCBDA /* ViewModel */ = {
			isa = PBXGroup;
			children = (
				9E5E8E261FADC41A00CCCBDA /* BaseVM.swift */,
			);
			path = ViewModel;
			sourceTree = "<group>";
		};
		9E5E8E2A1FADD3BD00CCCBDA /* Login */ = {
			isa = PBXGroup;
			children = (
				9EFB03701FB997F900A78845 /* CountryCodes */,
				9E5E8E2B1FADD3BD00CCCBDA /* ForgotPassword */,
				9E5E8E2C1FADD3BD00CCCBDA /* StartPhoneVerification */,
				9E5E8E2D1FADD3BD00CCCBDA /* Welcome */,
				9E5E8E2E1FADD3BD00CCCBDA /* CompletePhoneVerification */,
				9E5E8E2F1FADD3BD00CCCBDA /* SignIn */,
				9E5E8E301FADD3BD00CCCBDA /* CompleteEditProfile */,
				9E5E8E311FADD3BD00CCCBDA /* StartEditProfile */,
			);
			path = Login;
			sourceTree = "<group>";
		};
		9E5E8E2B1FADD3BD00CCCBDA /* ForgotPassword */ = {
			isa = PBXGroup;
			children = (
				9E5E8E3E1FAE1E5500CCCBDA /* ForgotPasswordVC.swift */,
				9E5E8E3F1FAE1E5500CCCBDA /* ForgotPasswordVC.xib */,
				9E5E8E421FAE1E6C00CCCBDA /* ForgotPasswordVM.swift */,
			);
			path = ForgotPassword;
			sourceTree = "<group>";
		};
		9E5E8E2C1FADD3BD00CCCBDA /* StartPhoneVerification */ = {
			isa = PBXGroup;
			children = (
				9EE16E951FB4A56500B4C5C5 /* StartPhoneVerificationVC.swift */,
				9EE16E961FB4A56500B4C5C5 /* StartPhoneVerificationVC.xib */,
				9EE16E991FB4A57500B4C5C5 /* StartPhoneVerificationVM.swift */,
			);
			path = StartPhoneVerification;
			sourceTree = "<group>";
		};
		9E5E8E2D1FADD3BD00CCCBDA /* Welcome */ = {
			isa = PBXGroup;
			children = (
				9E5E8E321FADD3F400CCCBDA /* WelcomeVC.swift */,
				9E5E8E331FADD3F400CCCBDA /* WelcomeVC.xib */,
				9E5E8E361FADD42D00CCCBDA /* WelcomeVM.swift */,
			);
			path = Welcome;
			sourceTree = "<group>";
		};
		9E5E8E2E1FADD3BD00CCCBDA /* CompletePhoneVerification */ = {
			isa = PBXGroup;
			children = (
				9EE16E9B1FB4BF7C00B4C5C5 /* CompletePhoneVerificationVC.swift */,
				9EE16E9C1FB4BF7C00B4C5C5 /* CompletePhoneVerificationVC.xib */,
				9EE16E9F1FB4BF8700B4C5C5 /* CompletePhoneVerificationVM.swift */,
			);
			path = CompletePhoneVerification;
			sourceTree = "<group>";
		};
		9E5E8E2F1FADD3BD00CCCBDA /* SignIn */ = {
			isa = PBXGroup;
			children = (
				9E5E8E381FAE058800CCCBDA /* SignInVC.swift */,
				9E5E8E391FAE058800CCCBDA /* SignInVC.xib */,
				9E5E8E3C1FAE059B00CCCBDA /* SignInVM.swift */,
			);
			path = SignIn;
			sourceTree = "<group>";
		};
		9E5E8E301FADD3BD00CCCBDA /* CompleteEditProfile */ = {
			isa = PBXGroup;
			children = (
				9E6144451FB305E400067295 /* CompleteEditProfileVC.swift */,
				9E6144461FB305E400067295 /* CompleteEditProfileVC.xib */,
				9E6144491FB305F900067295 /* CompleteEditProfileVM.swift */,
			);
			path = CompleteEditProfile;
			sourceTree = "<group>";
		};
		9E5E8E311FADD3BD00CCCBDA /* StartEditProfile */ = {
			isa = PBXGroup;
			children = (
				9E61443F1FB2F5D000067295 /* StartEditProfileVC.swift */,
				9E6144401FB2F5D000067295 /* StartEditProfileVC.xib */,
				9E6144431FB2F5F100067295 /* StartEditProfileVM.swift */,
			);
			path = StartEditProfile;
			sourceTree = "<group>";
		};
		9E5FA3011FBD73590082F56F /* Picture */ = {
			isa = PBXGroup;
			children = (
				9E5FA3021FBD73870082F56F /* PictureVC.swift */,
				9E5FA3031FBD73870082F56F /* PictureVC.xib */,
				9E5FA3061FBD739B0082F56F /* PictureVM.swift */,
				9E5FA30C1FBD90B80082F56F /* Views */,
			);
			path = Picture;
			sourceTree = "<group>";
		};
		9E5FA30C1FBD90B80082F56F /* Views */ = {
			isa = PBXGroup;
			children = (
				9E5FA30D1FBD90DB0082F56F /* AccessAlertView.swift */,
				9E5FA30F1FBD90E60082F56F /* AccessAlertView.xib */,
				9E5FA3171FBDB2050082F56F /* PictureCell.swift */,
				9E5FA3181FBDB2050082F56F /* PictureCell.xib */,
				9E5FA31B1FBDB21D0082F56F /* PictureCellVM.swift */,
			);
			path = Views;
			sourceTree = "<group>";
		};
		9E6B14961FB0A81000220942 /* Categories */ = {
			isa = PBXGroup;
			children = (
				9EE16E931FB49F4700B4C5C5 /* UIImage+Extensions.swift */,
				9E6B14A01FB0AC6200220942 /* UIView+Extension.swift */,
				9EED066F1FB5A2D300CCD82E /* Array+Extension.swift */,
				9EED06711FB5DE3700CCD82E /* Collection+Extension.swift */,
				9EC68A2B1FC59F0700A7F793 /* UIColor+Extension.swift */,
			);
			path = Categories;
			sourceTree = "<group>";
		};
		9E72A9CD1FB991CD009468DB /* HaikuPreview */ = {
			isa = PBXGroup;
			children = (
				9E72A9CE1FB991EC009468DB /* HaikuPreview.swift */,
				9E72A9D01FB991FA009468DB /* HaikuPreview.xib */,
				9E72A9D21FB997BF009468DB /* HaikuPreviewVM.swift */,
			);
			path = HaikuPreview;
			sourceTree = "<group>";
		};
		9E7C53C01FBF0DBC0082E7EC /* Styled views */ = {
			isa = PBXGroup;
			children = (
				9E7C53C11FBF0DE10082E7EC /* KBBarView.swift */,
				9E4AE90D1FC2BB6800E437AA /* EditTextField.swift */,
			);
			path = "Styled views";
			sourceTree = "<group>";
		};
		9E7C53C31FBF153E0082E7EC /* Popups */ = {
			isa = PBXGroup;
			children = (
				9E7C53BC1FBF04EA0082E7EC /* ColorVC.swift */,
				9E7C53BD1FBF04EA0082E7EC /* ColorVC.xib */,
				9EC68A2D1FC5A1AB00A7F793 /* ColorVM.swift */,
				9E7C53C41FBF155D0082E7EC /* FontsVC.swift */,
				9E7C53C51FBF155D0082E7EC /* FontsVC.xib */,
				9EC68A2F1FC5A29300A7F793 /* FontsVM.swift */,
			);
			path = Popups;
			sourceTree = "<group>";
		};
		9E8964B71FACA21D004FFDCD = {
			isa = PBXGroup;
			children = (
				9E8964C21FACA21D004FFDCD /* Kubazar */,
				9E8964C11FACA21D004FFDCD /* Products */,
				FA4BD90D3972633479640F1E /* Pods */,
				6190FCFC5166E25A3A81F9D8 /* Frameworks */,
				9EADF1FE1FBC2EEF00B69FFE /* Recovered References */,
			);
			sourceTree = "<group>";
		};
		9E8964C11FACA21D004FFDCD /* Products */ = {
			isa = PBXGroup;
			children = (
				9E8964C01FACA21D004FFDCD /* Kubazar.app */,
			);
			name = Products;
			sourceTree = "<group>";
		};
		9E8964C21FACA21D004FFDCD /* Kubazar */ = {
			isa = PBXGroup;
			children = (
				9E62B69C1FB48DF900AA814E /* Kubazar.entitlements */,
				9E62B69A1FB48AEB00AA814E /* GoogleService-Info.plist */,
				9E8964D61FACA53B004FFDCD /* Classes */,
				9E8964D71FACA53B004FFDCD /* Resources */,
				9E8964D51FACA53B004FFDCD /* Supporting Files */,
			);
			path = Kubazar;
			sourceTree = "<group>";
		};
		9E8964D51FACA53B004FFDCD /* Supporting Files */ = {
			isa = PBXGroup;
			children = (
				9EFB036E1FB997BC00A78845 /* countryCodes.json */,
				9E5E8E211FADC1AC00CCCBDA /* Localization */,
				9E8964CA1FACA21D004FFDCD /* Assets.xcassets */,
				9E8964CC1FACA21D004FFDCD /* LaunchScreen.storyboard */,
				9E1897881FACBA9C00780957 /* Info.plist */,
			);
			path = "Supporting Files";
			sourceTree = "<group>";
		};
		9E8964D61FACA53B004FFDCD /* Classes */ = {
			isa = PBXGroup;
			children = (
				9E8964C31FACA21D004FFDCD /* AppDelegate.swift */,
				9E6B14961FB0A81000220942 /* Categories */,
				9E5E8E241FADC3E800CCCBDA /* Middle Ware */,
				9E5E8E1D1FADBB6100CCCBDA /* Model */,
				9E5E8E181FADBA4500CCCBDA /* Shared */,
				9E5E8E121FADB63E00CCCBDA /* User Interface */,
			);
			path = Classes;
			sourceTree = "<group>";
		};
		9E8964D71FACA53B004FFDCD /* Resources */ = {
			isa = PBXGroup;
			children = (
				9E5E8E101FADB54600CCCBDA /* Images.xcassets */,
				9E1588A21FB45DE10063C816 /* Media.xcassets */,
			);
			path = Resources;
			sourceTree = "<group>";
		};
		9E9B4DB71FB9BC21001DB448 /* Controls */ = {
			isa = PBXGroup;
			children = (
				9E9B4DB81FB9BC4C001DB448 /* ActionButton.swift */,
				9E9B4DBA1FB9D146001DB448 /* ActionButton.xib */,
				9EFBEC0D1FB9F4E600A889BC /* TintMutableButton.swift */,
				9E2BFBE71FBC360000860CA0 /* StartButton.swift */,
				9E5FA3081FBD7AF40082F56F /* ChoosePictureButton.swift */,
				9E5FA30A1FBD7B020082F56F /* ChoosePictureButton.xib */,
			);
			path = Controls;
			sourceTree = "<group>";
		};
		9EADF1FE1FBC2EEF00B69FFE /* Recovered References */ = {
			isa = PBXGroup;
			children = (
				9EFB03681FB9805600A78845 /* UserView.swift */,
				9EFB03691FB9805600A78845 /* UserView.xib */,
			);
			name = "Recovered References";
			sourceTree = "<group>";
		};
		9EADF1FF1FBC2F3E00B69FFE /* UserView */ = {
			isa = PBXGroup;
			children = (
				9EADF2001FBC2F3E00B69FFE /* UserView.swift */,
				9EADF2011FBC2F3E00B69FFE /* UserView.xib */,
				9EADF2021FBC2F3E00B69FFE /* UserViewVM.swift */,
			);
			path = UserView;
			sourceTree = "<group>";
		};
		9EB170AB1FB065FE00A70A10 /* TabBar */ = {
			isa = PBXGroup;
			children = (
				9EB170AC1FB065FE00A70A10 /* TabbedController.swift */,
				9EB170AE1FB0668500A70A10 /* TabbedControllerVM.swift */,
			);
			path = TabBar;
			sourceTree = "<group>";
		};
		9EB6BB9E1FC422210085EA5F /* Cells */ = {
			isa = PBXGroup;
			children = (
				9EB6BB9F1FC422420085EA5F /* PlayerCell.swift */,
				9EB6BBA01FC422420085EA5F /* PlayerCell.xib */,
				9EB6BBA31FC4224F0085EA5F /* PlayerCellVM.swift */,
			);
			path = Cells;
			sourceTree = "<group>";
		};
		9EB6BBA51FC44AB50085EA5F /* Clipper */ = {
			isa = PBXGroup;
			children = (
				9EB6BBA61FC44AD60085EA5F /* ClipperVC.swift */,
				9EB6BBA71FC44AD60085EA5F /* ClipperVC.xib */,
				9EB6BBAA1FC44AE50085EA5F /* ClipperVM.swift */,
			);
			path = Clipper;
			sourceTree = "<group>";
		};
		9EBEBD451FBAFFD100DE831F /* Routers */ = {
			isa = PBXGroup;
			children = (
				9EBEBD461FBAFFE600DE831F /* AuthenticationRouter.swift */,
			);
			path = Routers;
			sourceTree = "<group>";
		};
		9EBEBD481FBB091200DE831F /* Generic Keychain */ = {
			isa = PBXGroup;
			children = (
				9EBEBD491FBB091200DE831F /* KeychainPasswordItem.swift */,
			);
			path = "Generic Keychain";
			sourceTree = "<group>";
		};
		9EFB03601FB9800B00A78845 /* BazarDetail */ = {
			isa = PBXGroup;
			children = (
				9EFB03631FB9800B00A78845 /* BazarDetailVC.swift */,
				9EFB03611FB9800B00A78845 /* BazarDetailVC.xib */,
				9EFB03621FB9800B00A78845 /* BazarDetailVM.swift */,
			);
			path = BazarDetail;
			sourceTree = "<group>";
		};
		9EFB03701FB997F900A78845 /* CountryCodes */ = {
			isa = PBXGroup;
			children = (
				9EFB03771FB999F700A78845 /* Views */,
				9EFB03711FB997F900A78845 /* CountryCodesVC.swift */,
				9EFB03721FB997F900A78845 /* CountryCodesVC.xib */,
				9EFB03731FB997F900A78845 /* CountryCodesVM.swift */,
			);
			path = CountryCodes;
			sourceTree = "<group>";
		};
		9EFB03771FB999F700A78845 /* Views */ = {
			isa = PBXGroup;
			children = (
				9EFB03781FB99A3800A78845 /* CountryCodeCell.swift */,
				9EFB03791FB99A3800A78845 /* CountryCodeCell.xib */,
				9EFB037C1FB99A5200A78845 /* CountryCodeCellVM.swift */,
			);
			path = Views;
			sourceTree = "<group>";
		};
		FA4BD90D3972633479640F1E /* Pods */ = {
			isa = PBXGroup;
			children = (
				BCCD990FEAC61BE1A7C35E5A /* Pods-Kubazar.debug.xcconfig */,
				C96C8C2A05A77F3E563D985D /* Pods-Kubazar.release.xcconfig */,
			);
			name = Pods;
			sourceTree = "<group>";
		};
/* End PBXGroup section */

/* Begin PBXNativeTarget section */
		9E8964BF1FACA21D004FFDCD /* Kubazar */ = {
			isa = PBXNativeTarget;
			buildConfigurationList = 9E8964D21FACA21D004FFDCD /* Build configuration list for PBXNativeTarget "Kubazar" */;
			buildPhases = (
				09DCCFCBC72CD17D8CDE2A73 /* [CP] Check Pods Manifest.lock */,
				9E8964BC1FACA21D004FFDCD /* Sources */,
				9E8964BD1FACA21D004FFDCD /* Frameworks */,
				9E8964BE1FACA21D004FFDCD /* Resources */,
				2CB55D0669E9856166C3D21F /* [CP] Embed Pods Frameworks */,
				72DE0AD8A6960B040E5606DC /* [CP] Copy Pods Resources */,
				9E5E8E0E1FADA98200CCCBDA /* ShellScript */,
				9E5E8E0F1FADAAFE00CCCBDA /* ShellScript */,
			);
			buildRules = (
			);
			dependencies = (
			);
			name = Kubazar;
			productName = Kubazar;
			productReference = 9E8964C01FACA21D004FFDCD /* Kubazar.app */;
			productType = "com.apple.product-type.application";
		};
/* End PBXNativeTarget section */

/* Begin PBXProject section */
		9E8964B81FACA21D004FFDCD /* Project object */ = {
			isa = PBXProject;
			attributes = {
				LastSwiftUpdateCheck = 0900;
				LastUpgradeCheck = 0910;
				ORGANIZATIONNAME = Mobexs;
				TargetAttributes = {
					9E8964BF1FACA21D004FFDCD = {
						CreatedOnToolsVersion = 9.0;
						LastSwiftMigration = 0900;
						ProvisioningStyle = Automatic;
						SystemCapabilities = {
							com.apple.Keychain = {
								enabled = 1;
							};
							com.apple.Push = {
								enabled = 1;
							};
						};
					};
				};
			};
			buildConfigurationList = 9E8964BB1FACA21D004FFDCD /* Build configuration list for PBXProject "Kubazar" */;
			compatibilityVersion = "Xcode 8.0";
			developmentRegion = en;
			hasScannedForEncodings = 0;
			knownRegions = (
				en,
				Base,
			);
			mainGroup = 9E8964B71FACA21D004FFDCD;
			productRefGroup = 9E8964C11FACA21D004FFDCD /* Products */;
			projectDirPath = "";
			projectRoot = "";
			targets = (
				9E8964BF1FACA21D004FFDCD /* Kubazar */,
			);
		};
/* End PBXProject section */

/* Begin PBXResourcesBuildPhase section */
		9E8964BE1FACA21D004FFDCD /* Resources */ = {
			isa = PBXResourcesBuildPhase;
			buildActionMask = 2147483647;
			files = (
				9E5E8E351FADD3F400CCCBDA /* WelcomeVC.xib in Resources */,
				9E2BFBED1FBC54DC00860CA0 /* FriendsVC.xib in Resources */,
				9EE16E981FB4A56500B4C5C5 /* StartPhoneVerificationVC.xib in Resources */,
				9EB6BBA21FC422420085EA5F /* PlayerCell.xib in Resources */,
				9E5FA3051FBD73870082F56F /* PictureVC.xib in Resources */,
				9EFB036F1FB997BC00A78845 /* countryCodes.json in Resources */,
				9E7C53BF1FBF04EA0082E7EC /* ColorVC.xib in Resources */,
				9E5E8E411FAE1E5500CCCBDA /* ForgotPasswordVC.xib in Resources */,
				9E15889C1FB452E40063C816 /* BazarCell.xib in Resources */,
				9E2CA57A1FC4023800069FFD /* TipView.xib in Resources */,
				9E62B69B1FB48AEC00AA814E /* GoogleService-Info.plist in Resources */,
				9EFB03641FB9800B00A78845 /* BazarDetailVC.xib in Resources */,
				9E1588951FB44D330063C816 /* BazarVC.xib in Resources */,
				9E5E8E231FADC1C000CCCBDA /* Localizable.strings in Resources */,
				9EB6BBA91FC44AD60085EA5F /* ClipperVC.xib in Resources */,
				9E5E8E111FADB54600CCCBDA /* Images.xcassets in Resources */,
				9EE16E9E1FB4BF7C00B4C5C5 /* CompletePhoneVerificationVC.xib in Resources */,
				9E6144421FB2F5D000067295 /* StartEditProfileVC.xib in Resources */,
				9E5FA31A1FBDB2050082F56F /* PictureCell.xib in Resources */,
				9E8964CE1FACA21D004FFDCD /* LaunchScreen.storyboard in Resources */,
				9E6144481FB305E400067295 /* CompleteEditProfileVC.xib in Resources */,
				9E72A9D11FB991FA009468DB /* HaikuPreview.xib in Resources */,
				9E5FA3101FBD90E60082F56F /* AccessAlertView.xib in Resources */,
				9E1588A31FB45DE10063C816 /* Media.xcassets in Resources */,
				9E5E8E171FADB6CE00CCCBDA /* RootVC.xib in Resources */,
				9E7C53C71FBF155D0082E7EC /* FontsVC.xib in Resources */,
				9E5E8E3B1FAE058900CCCBDA /* SignInVC.xib in Resources */,
				9E9B4DBB1FB9D146001DB448 /* ActionButton.xib in Resources */,
				9E455BCC1FB07DD500BC9A11 /* WriteMainMenuVC.xib in Resources */,
				9EFB037B1FB99A3800A78845 /* CountryCodeCell.xib in Resources */,
				9EADF2041FBC2F3F00B69FFE /* UserView.xib in Resources */,
				9E09ECD31FBED6A400BB3BBF /* EditorVC.xib in Resources */,
				9E2BFBF31FBC5D3E00860CA0 /* FriendsCell.xib in Resources */,
				9E5FA30B1FBD7B020082F56F /* ChoosePictureButton.xib in Resources */,
				9EFB03751FB997F900A78845 /* CountryCodesVC.xib in Resources */,
				9E8964CB1FACA21D004FFDCD /* Assets.xcassets in Resources */,
			);
			runOnlyForDeploymentPostprocessing = 0;
		};
/* End PBXResourcesBuildPhase section */

/* Begin PBXShellScriptBuildPhase section */
		09DCCFCBC72CD17D8CDE2A73 /* [CP] Check Pods Manifest.lock */ = {
			isa = PBXShellScriptBuildPhase;
			buildActionMask = 2147483647;
			files = (
			);
			inputPaths = (
			);
			name = "[CP] Check Pods Manifest.lock";
			outputPaths = (
			);
			runOnlyForDeploymentPostprocessing = 0;
			shellPath = /bin/sh;
			shellScript = "diff \"${PODS_PODFILE_DIR_PATH}/Podfile.lock\" \"${PODS_ROOT}/Manifest.lock\" > /dev/null\nif [ $? != 0 ] ; then\n    # print error to STDERR\n    echo \"error: The sandbox is not in sync with the Podfile.lock. Run 'pod install' or update your CocoaPods installation.\" >&2\n    exit 1\nfi\n";
			showEnvVarsInLog = 0;
		};
		2CB55D0669E9856166C3D21F /* [CP] Embed Pods Frameworks */ = {
			isa = PBXShellScriptBuildPhase;
			buildActionMask = 2147483647;
			files = (
			);
			inputPaths = (
			);
			name = "[CP] Embed Pods Frameworks";
			outputPaths = (
			);
			runOnlyForDeploymentPostprocessing = 0;
			shellPath = /bin/sh;
			shellScript = "\"${SRCROOT}/Pods/Target Support Files/Pods-Kubazar/Pods-Kubazar-frameworks.sh\"\n";
			showEnvVarsInLog = 0;
		};
		72DE0AD8A6960B040E5606DC /* [CP] Copy Pods Resources */ = {
			isa = PBXShellScriptBuildPhase;
			buildActionMask = 2147483647;
			files = (
			);
			inputPaths = (
			);
			name = "[CP] Copy Pods Resources";
			outputPaths = (
			);
			runOnlyForDeploymentPostprocessing = 0;
			shellPath = /bin/sh;
			shellScript = "\"${SRCROOT}/Pods/Target Support Files/Pods-Kubazar/Pods-Kubazar-resources.sh\"\n";
			showEnvVarsInLog = 0;
		};
		9E5E8E0E1FADA98200CCCBDA /* ShellScript */ = {
			isa = PBXShellScriptBuildPhase;
			buildActionMask = 2147483647;
			files = (
			);
			inputPaths = (
			);
			outputPaths = (
			);
			runOnlyForDeploymentPostprocessing = 0;
			shellPath = /bin/sh;
			shellScript = "\"${PODS_ROOT}/Fabric/run\" 53c297472f17d747dbe40dbe9846d86d9f8c8a52 6e5a5ce0983b823e5aad1c12a3b30c48972ab5e0f9f735c54ea18e05b72dbc03";
		};
		9E5E8E0F1FADAAFE00CCCBDA /* ShellScript */ = {
			isa = PBXShellScriptBuildPhase;
			buildActionMask = 2147483647;
			files = (
			);
			inputPaths = (
			);
			outputPaths = (
			);
			runOnlyForDeploymentPostprocessing = 0;
			shellPath = /bin/sh;
			shellScript = "PREV_VERSION=`/usr/libexec/PlistBuddy -c \"Print CFBundleVersion\" \"${INFOPLIST_FILE}\"`\nNEW_VERSION=`git rev-list HEAD --count`\n/usr/libexec/PListBuddy -c \"Set :CFBundleVersion ${PREV_VERSION%.*}.$(($NEW_VERSION))\" \"${INFOPLIST_FILE}\"\n/usr/libexec/PListBuddy -c \"Set :CFBundleShortVersionString ${PREV_VERSION%.*}.$(($NEW_VERSION))\" \"${INFOPLIST_FILE}\"";
		};
/* End PBXShellScriptBuildPhase section */

/* Begin PBXSourcesBuildPhase section */
		9E8964BC1FACA21D004FFDCD /* Sources */ = {
			isa = PBXSourcesBuildPhase;
			buildActionMask = 2147483647;
			files = (
				9E5FA3121FBDA3640082F56F /* PhotoLibraryManager.swift in Sources */,
				9E5E8E291FADC46C00CCCBDA /* RootVM.swift in Sources */,
				9EC68A2E1FC5A1AB00A7F793 /* ColorVM.swift in Sources */,
				9EB6BBA81FC44AD60085EA5F /* ClipperVC.swift in Sources */,
				9E72A9CF1FB991EC009468DB /* HaikuPreview.swift in Sources */,
				9E1588941FB44D330063C816 /* BazarVC.swift in Sources */,
				9E9B4DB91FB9BC4C001DB448 /* ActionButton.swift in Sources */,
				9E5FA3191FBDB2050082F56F /* PictureCell.swift in Sources */,
				9E3F9CF01FB5D6BF003BC12A /* FirebaseServerClient.swift in Sources */,
				9E4AE9101FC2C3BA00E437AA /* Decorator.swift in Sources */,
				9E2CA5781FC401D500069FFD /* TipView.swift in Sources */,
				9E9B4DBD1FB9E0C8001DB448 /* Field.swift in Sources */,
				9E5E8E371FADD42D00CCCBDA /* WelcomeVM.swift in Sources */,
				9E09ECD21FBED6A400BB3BBF /* EditorVC.swift in Sources */,
				9E455BCB1FB07DD500BC9A11 /* WriteMainMenuVC.swift in Sources */,
				9EC68A2C1FC59F0700A7F793 /* UIColor+Extension.swift in Sources */,
				9E5FA3071FBD739B0082F56F /* PictureVM.swift in Sources */,
				9E5E8E3A1FAE058900CCCBDA /* SignInVC.swift in Sources */,
				9EE16E9D1FB4BF7C00B4C5C5 /* CompletePhoneVerificationVC.swift in Sources */,
				9E5E8E401FAE1E5500CCCBDA /* ForgotPasswordVC.swift in Sources */,
				9EB170AF1FB0668500A70A10 /* TabbedControllerVM.swift in Sources */,
				9E5E8E431FAE1E6C00CCCBDA /* ForgotPasswordVM.swift in Sources */,
				9EBEBD441FBAFF4E00DE831F /* SessionTokenAdapter.swift in Sources */,
				9EED066E1FB59E5B00CCD82E /* User.swift in Sources */,
				9E5E8E271FADC41A00CCCBDA /* BaseVM.swift in Sources */,
				9E5FA3091FBD7AF40082F56F /* ChoosePictureButton.swift in Sources */,
				9EFB03741FB997F900A78845 /* CountryCodesVC.swift in Sources */,
				9E455BCE1FB07DE600BC9A11 /* WriteMainMenuVM.swift in Sources */,
				9E15889E1FB452F50063C816 /* BazarCellVM.swift in Sources */,
				9E2BFBEF1FBC57E000860CA0 /* FriendsVM.swift in Sources */,
				9E5E8E3D1FAE059B00CCCBDA /* SignInVM.swift in Sources */,
				9E6144471FB305E400067295 /* CompleteEditProfileVC.swift in Sources */,
				9EB6BBA41FC4224F0085EA5F /* PlayerCellVM.swift in Sources */,
				9E5E8E1C1FADBA7400CCCBDA /* ViewController.swift in Sources */,
				9E15889B1FB452E40063C816 /* BazarCell.swift in Sources */,
				9EFB03761FB997F900A78845 /* CountryCodesVM.swift in Sources */,
				9EADF2031FBC2F3F00B69FFE /* UserView.swift in Sources */,
				9EED066C1FB59D2900CCD82E /* Haiku.swift in Sources */,
				9E6B14A11FB0AC6200220942 /* UIView+Extension.swift in Sources */,
				9EADF2051FBC2F3F00B69FFE /* UserViewVM.swift in Sources */,
				9E1588971FB44D4E0063C816 /* BazarVM.swift in Sources */,
				9EED06701FB5A2D300CCD82E /* Array+Extension.swift in Sources */,
				9EE16E941FB49F4700B4C5C5 /* UIImage+Extensions.swift in Sources */,
				9EFB037A1FB99A3800A78845 /* CountryCodeCell.swift in Sources */,
				9E2BFBEC1FBC54DC00860CA0 /* FriendsVC.swift in Sources */,
				9E6144441FB2F5F100067295 /* StartEditProfileVM.swift in Sources */,
				9E72A9D31FB997BF009468DB /* HaikuPreviewVM.swift in Sources */,
				9E4AE90E1FC2BB6800E437AA /* EditTextField.swift in Sources */,
				9E8964C41FACA21D004FFDCD /* AppDelegate.swift in Sources */,
				9EED06721FB5DE3700CCD82E /* Collection+Extension.swift in Sources */,
				9E06A9C81FBAC91700FF74A5 /* HaikuManager.swift in Sources */,
				9E7C53BE1FBF04EA0082E7EC /* ColorVC.swift in Sources */,
				9E5FA30E1FBD90DB0082F56F /* AccessAlertView.swift in Sources */,
				9EFBEC0E1FB9F4E600A889BC /* TintMutableButton.swift in Sources */,
				9EC68A301FC5A29300A7F793 /* FontsVM.swift in Sources */,
				9E7C53C21FBF0DE10082E7EC /* KBBarView.swift in Sources */,
				9E5FA31C1FBDB21D0082F56F /* PictureCellVM.swift in Sources */,
				9E09ECD51FBED6BA00BB3BBF /* EditorVM.swift in Sources */,
				9E2BFBF61FBC5D6500860CA0 /* FriendsCellVM.swift in Sources */,
				9E7C53C61FBF155D0082E7EC /* FontsVC.swift in Sources */,
				9EFB03661FB9800B00A78845 /* BazarDetailVC.swift in Sources */,
				9EBEBD4A1FBB091200DE831F /* KeychainPasswordItem.swift in Sources */,
				9E5E8E1F1FADBC9E00CCCBDA /* Client.swift in Sources */,
				9EB6BBAB1FC44AE50085EA5F /* ClipperVM.swift in Sources */,
				9E5E8E341FADD3F400CCCBDA /* WelcomeVC.swift in Sources */,
				9EFB03651FB9800B00A78845 /* BazarDetailVM.swift in Sources */,
				9EE16E971FB4A56500B4C5C5 /* StartPhoneVerificationVC.swift in Sources */,
				9EFB037D1FB99A5200A78845 /* CountryCodeCellVM.swift in Sources */,
				9E2BFBE81FBC360000860CA0 /* StartButton.swift in Sources */,
				9EB6BBA11FC422420085EA5F /* PlayerCell.swift in Sources */,
				9EE16E9A1FB4A57500B4C5C5 /* StartPhoneVerificationVM.swift in Sources */,
				9EE16EA01FB4BF8700B4C5C5 /* CompletePhoneVerificationVM.swift in Sources */,
				9EBEBD471FBAFFE600DE831F /* AuthenticationRouter.swift in Sources */,
				9E61444A1FB305F900067295 /* CompleteEditProfileVM.swift in Sources */,
				9E6144411FB2F5D000067295 /* StartEditProfileVC.swift in Sources */,
				9EB170AD1FB065FE00A70A10 /* TabbedController.swift in Sources */,
				9E5E8E161FADB6CE00CCCBDA /* RootVC.swift in Sources */,
				9E2BFBF21FBC5D3E00860CA0 /* FriendsCell.swift in Sources */,
				9E5FA3041FBD73870082F56F /* PictureVC.swift in Sources */,
			);
			runOnlyForDeploymentPostprocessing = 0;
		};
/* End PBXSourcesBuildPhase section */

/* Begin PBXVariantGroup section */
		9E8964CC1FACA21D004FFDCD /* LaunchScreen.storyboard */ = {
			isa = PBXVariantGroup;
			children = (
				9E8964CD1FACA21D004FFDCD /* Base */,
			);
			name = LaunchScreen.storyboard;
			sourceTree = "<group>";
		};
/* End PBXVariantGroup section */

/* Begin XCBuildConfiguration section */
		9E8964D01FACA21D004FFDCD /* Debug */ = {
			isa = XCBuildConfiguration;
			buildSettings = {
				ALWAYS_SEARCH_USER_PATHS = NO;
				CLANG_ANALYZER_LOCALIZABILITY_NONLOCALIZED = YES;
				CLANG_ANALYZER_NONNULL = YES;
				CLANG_ANALYZER_NUMBER_OBJECT_CONVERSION = YES_AGGRESSIVE;
				CLANG_CXX_LANGUAGE_STANDARD = "gnu++14";
				CLANG_CXX_LIBRARY = "libc++";
				CLANG_ENABLE_MODULES = YES;
				CLANG_ENABLE_OBJC_ARC = YES;
				CLANG_WARN_BLOCK_CAPTURE_AUTORELEASING = YES;
				CLANG_WARN_BOOL_CONVERSION = YES;
				CLANG_WARN_COMMA = YES;
				CLANG_WARN_CONSTANT_CONVERSION = YES;
				CLANG_WARN_DIRECT_OBJC_ISA_USAGE = YES_ERROR;
				CLANG_WARN_DOCUMENTATION_COMMENTS = YES;
				CLANG_WARN_EMPTY_BODY = YES;
				CLANG_WARN_ENUM_CONVERSION = YES;
				CLANG_WARN_INFINITE_RECURSION = YES;
				CLANG_WARN_INT_CONVERSION = YES;
				CLANG_WARN_NON_LITERAL_NULL_CONVERSION = YES;
				CLANG_WARN_OBJC_LITERAL_CONVERSION = YES;
				CLANG_WARN_OBJC_ROOT_CLASS = YES_ERROR;
				CLANG_WARN_RANGE_LOOP_ANALYSIS = YES;
				CLANG_WARN_STRICT_PROTOTYPES = YES;
				CLANG_WARN_SUSPICIOUS_MOVE = YES;
				CLANG_WARN_UNGUARDED_AVAILABILITY = YES_AGGRESSIVE;
				CLANG_WARN_UNREACHABLE_CODE = YES;
				CLANG_WARN__DUPLICATE_METHOD_MATCH = YES;
				CODE_SIGN_IDENTITY = "iPhone Developer";
				COPY_PHASE_STRIP = NO;
				DEBUG_INFORMATION_FORMAT = dwarf;
				ENABLE_STRICT_OBJC_MSGSEND = YES;
				ENABLE_TESTABILITY = YES;
				GCC_C_LANGUAGE_STANDARD = gnu11;
				GCC_DYNAMIC_NO_PIC = NO;
				GCC_NO_COMMON_BLOCKS = YES;
				GCC_OPTIMIZATION_LEVEL = 0;
				GCC_PREPROCESSOR_DEFINITIONS = (
					"DEBUG=1",
					"$(inherited)",
				);
				GCC_WARN_64_TO_32_BIT_CONVERSION = YES;
				GCC_WARN_ABOUT_RETURN_TYPE = YES_ERROR;
				GCC_WARN_UNDECLARED_SELECTOR = YES;
				GCC_WARN_UNINITIALIZED_AUTOS = YES_AGGRESSIVE;
				GCC_WARN_UNUSED_FUNCTION = YES;
				GCC_WARN_UNUSED_VARIABLE = YES;
				IPHONEOS_DEPLOYMENT_TARGET = 11.0;
				MTL_ENABLE_DEBUG_INFO = YES;
				ONLY_ACTIVE_ARCH = YES;
				SDKROOT = iphoneos;
				SWIFT_ACTIVE_COMPILATION_CONDITIONS = DEBUG;
				SWIFT_OPTIMIZATION_LEVEL = "-Onone";
			};
			name = Debug;
		};
		9E8964D11FACA21D004FFDCD /* Release */ = {
			isa = XCBuildConfiguration;
			buildSettings = {
				ALWAYS_SEARCH_USER_PATHS = NO;
				CLANG_ANALYZER_LOCALIZABILITY_NONLOCALIZED = YES;
				CLANG_ANALYZER_NONNULL = YES;
				CLANG_ANALYZER_NUMBER_OBJECT_CONVERSION = YES_AGGRESSIVE;
				CLANG_CXX_LANGUAGE_STANDARD = "gnu++14";
				CLANG_CXX_LIBRARY = "libc++";
				CLANG_ENABLE_MODULES = YES;
				CLANG_ENABLE_OBJC_ARC = YES;
				CLANG_WARN_BLOCK_CAPTURE_AUTORELEASING = YES;
				CLANG_WARN_BOOL_CONVERSION = YES;
				CLANG_WARN_COMMA = YES;
				CLANG_WARN_CONSTANT_CONVERSION = YES;
				CLANG_WARN_DIRECT_OBJC_ISA_USAGE = YES_ERROR;
				CLANG_WARN_DOCUMENTATION_COMMENTS = YES;
				CLANG_WARN_EMPTY_BODY = YES;
				CLANG_WARN_ENUM_CONVERSION = YES;
				CLANG_WARN_INFINITE_RECURSION = YES;
				CLANG_WARN_INT_CONVERSION = YES;
				CLANG_WARN_NON_LITERAL_NULL_CONVERSION = YES;
				CLANG_WARN_OBJC_LITERAL_CONVERSION = YES;
				CLANG_WARN_OBJC_ROOT_CLASS = YES_ERROR;
				CLANG_WARN_RANGE_LOOP_ANALYSIS = YES;
				CLANG_WARN_STRICT_PROTOTYPES = YES;
				CLANG_WARN_SUSPICIOUS_MOVE = YES;
				CLANG_WARN_UNGUARDED_AVAILABILITY = YES_AGGRESSIVE;
				CLANG_WARN_UNREACHABLE_CODE = YES;
				CLANG_WARN__DUPLICATE_METHOD_MATCH = YES;
				CODE_SIGN_IDENTITY = "iPhone Developer";
				COPY_PHASE_STRIP = NO;
				DEBUG_INFORMATION_FORMAT = "dwarf-with-dsym";
				ENABLE_NS_ASSERTIONS = NO;
				ENABLE_STRICT_OBJC_MSGSEND = YES;
				GCC_C_LANGUAGE_STANDARD = gnu11;
				GCC_NO_COMMON_BLOCKS = YES;
				GCC_WARN_64_TO_32_BIT_CONVERSION = YES;
				GCC_WARN_ABOUT_RETURN_TYPE = YES_ERROR;
				GCC_WARN_UNDECLARED_SELECTOR = YES;
				GCC_WARN_UNINITIALIZED_AUTOS = YES_AGGRESSIVE;
				GCC_WARN_UNUSED_FUNCTION = YES;
				GCC_WARN_UNUSED_VARIABLE = YES;
				IPHONEOS_DEPLOYMENT_TARGET = 11.0;
				MTL_ENABLE_DEBUG_INFO = NO;
				SDKROOT = iphoneos;
				SWIFT_OPTIMIZATION_LEVEL = "-Owholemodule";
				VALIDATE_PRODUCT = YES;
			};
			name = Release;
		};
		9E8964D31FACA21D004FFDCD /* Debug */ = {
			isa = XCBuildConfiguration;
			baseConfigurationReference = BCCD990FEAC61BE1A7C35E5A /* Pods-Kubazar.debug.xcconfig */;
			buildSettings = {
				ASSETCATALOG_COMPILER_APPICON_NAME = AppIcon;
				CLANG_ENABLE_MODULES = YES;
				CODE_SIGN_ENTITLEMENTS = Kubazar/Kubazar.entitlements;
				CODE_SIGN_STYLE = Automatic;
				DEVELOPMENT_TEAM = Y2V6NG4VN2;
				INFOPLIST_FILE = "Kubazar/Supporting Files/Info.plist";
				IPHONEOS_DEPLOYMENT_TARGET = 10.0;
				LD_RUNPATH_SEARCH_PATHS = "$(inherited) @executable_path/Frameworks";
				PRODUCT_BUNDLE_IDENTIFIER = com.mobexs.Kubazar;
				PRODUCT_NAME = "$(TARGET_NAME)";
				SWIFT_OPTIMIZATION_LEVEL = "-Onone";
				SWIFT_VERSION = 4.0;
				TARGETED_DEVICE_FAMILY = 1;
			};
			name = Debug;
		};
		9E8964D41FACA21D004FFDCD /* Release */ = {
			isa = XCBuildConfiguration;
			baseConfigurationReference = C96C8C2A05A77F3E563D985D /* Pods-Kubazar.release.xcconfig */;
			buildSettings = {
				ASSETCATALOG_COMPILER_APPICON_NAME = AppIcon;
				CLANG_ENABLE_MODULES = YES;
				CODE_SIGN_ENTITLEMENTS = Kubazar/Kubazar.entitlements;
				CODE_SIGN_STYLE = Automatic;
				DEVELOPMENT_TEAM = Y2V6NG4VN2;
				INFOPLIST_FILE = "Kubazar/Supporting Files/Info.plist";
				IPHONEOS_DEPLOYMENT_TARGET = 10.0;
				LD_RUNPATH_SEARCH_PATHS = "$(inherited) @executable_path/Frameworks";
				PRODUCT_BUNDLE_IDENTIFIER = com.mobexs.Kubazar;
				PRODUCT_NAME = "$(TARGET_NAME)";
				SWIFT_VERSION = 4.0;
				TARGETED_DEVICE_FAMILY = 1;
			};
			name = Release;
		};
/* End XCBuildConfiguration section */

/* Begin XCConfigurationList section */
		9E8964BB1FACA21D004FFDCD /* Build configuration list for PBXProject "Kubazar" */ = {
			isa = XCConfigurationList;
			buildConfigurations = (
				9E8964D01FACA21D004FFDCD /* Debug */,
				9E8964D11FACA21D004FFDCD /* Release */,
			);
			defaultConfigurationIsVisible = 0;
			defaultConfigurationName = Release;
		};
		9E8964D21FACA21D004FFDCD /* Build configuration list for PBXNativeTarget "Kubazar" */ = {
			isa = XCConfigurationList;
			buildConfigurations = (
				9E8964D31FACA21D004FFDCD /* Debug */,
				9E8964D41FACA21D004FFDCD /* Release */,
			);
			defaultConfigurationIsVisible = 0;
			defaultConfigurationName = Release;
		};
/* End XCConfigurationList section */
	};
	rootObject = 9E8964B81FACA21D004FFDCD /* Project object */;
}
